{
  "version": 4,
  "terraform_version": "1.9.2",
  "serial": 64,
  "lineage": "7f8ca413-ac50-6b65-da64-edbab17b338c",
  "outputs": {},
  "resources": [
    {
      "mode": "managed",
      "type": "aws_dynamodb_table",
      "name": "terraform_locks",
      "provider": "provider[\"registry.terraform.io/hashicorp/aws\"]",
      "instances": [
        {
          "schema_version": 1,
          "attributes": {
            "arn": "arn:aws:dynamodb:eu-central-1:010028775188:table/terraform-locks",
            "attribute": [
              {
                "name": "LockID",
                "type": "S"
              }
            ],
            "billing_mode": "PAY_PER_REQUEST",
            "deletion_protection_enabled": false,
            "global_secondary_index": [],
            "hash_key": "LockID",
            "id": "terraform-locks",
            "import_table": [],
            "local_secondary_index": [],
            "name": "terraform-locks",
            "point_in_time_recovery": [
              {
                "enabled": false
              }
            ],
            "range_key": null,
            "read_capacity": 0,
            "replica": [],
            "restore_date_time": null,
            "restore_source_name": null,
            "restore_to_latest_time": null,
            "server_side_encryption": [],
            "stream_arn": "",
            "stream_enabled": false,
            "stream_label": "",
            "stream_view_type": "",
            "table_class": "STANDARD",
            "tags": null,
            "tags_all": {},
            "timeouts": null,
            "ttl": [
              {
                "attribute_name": "",
                "enabled": false
              }
            ],
            "write_capacity": 0
          },
          "sensitive_attributes": [],
          "private": "eyJlMmJmYjczMC1lY2FhLTExZTYtOGY4OC0zNDM2M2JjN2M0YzAiOnsiY3JlYXRlIjoxODAwMDAwMDAwMDAwLCJkZWxldGUiOjYwMDAwMDAwMDAwMCwidXBkYXRlIjozNjAwMDAwMDAwMDAwfSwic2NoZW1hX3ZlcnNpb24iOiIxIn0="
        }
      ]
    },
    {
      "mode": "managed",
      "type": "aws_s3_bucket",
      "name": "terraform_state",
      "provider": "provider[\"registry.terraform.io/hashicorp/aws\"]",
      "instances": [
        {
          "schema_version": 0,
          "attributes": {
            "acceleration_status": "",
            "acl": null,
            "arn": "arn:aws:s3:::francis-dev-terraform-bucket",
            "bucket": "francis-dev-terraform-bucket",
            "bucket_domain_name": "francis-dev-terraform-bucket.s3.amazonaws.com",
            "bucket_prefix": "",
            "bucket_regional_domain_name": "francis-dev-terraform-bucket.s3.eu-central-1.amazonaws.com",
            "cors_rule": [],
            "force_destroy": true,
            "grant": [
              {
                "id": "ec18e53a4ef70e87ea774bebd53e04af3b3d7b6e03efceb0587e8c2cb6b549f1",
                "permissions": [
                  "FULL_CONTROL"
                ],
                "type": "CanonicalUser",
                "uri": ""
              }
            ],
            "hosted_zone_id": "Z21DNDUVLTQW6Q",
            "id": "francis-dev-terraform-bucket",
            "lifecycle_rule": [],
            "logging": [],
            "object_lock_configuration": [],
            "object_lock_enabled": false,
            "policy": "",
            "region": "eu-central-1",
            "replication_configuration": [],
            "request_payer": "BucketOwner",
            "server_side_encryption_configuration": [
              {
                "rule": [
                  {
                    "apply_server_side_encryption_by_default": [
                      {
                        "kms_master_key_id": "",
                        "sse_algorithm": "AES256"
                      }
                    ],
                    "bucket_key_enabled": false
                  }
                ]
              }
            ],
            "tags": null,
            "tags_all": {},
            "timeouts": null,
            "versioning": [
              {
                "enabled": false,
                "mfa_delete": false
              }
            ],
            "website": [],
            "website_domain": null,
            "website_endpoint": null
          },
          "sensitive_attributes": [],
          "private": "eyJlMmJmYjczMC1lY2FhLTExZTYtOGY4OC0zNDM2M2JjN2M0YzAiOnsiY3JlYXRlIjoxMjAwMDAwMDAwMDAwLCJkZWxldGUiOjM2MDAwMDAwMDAwMDAsInJlYWQiOjEyMDAwMDAwMDAwMDAsInVwZGF0ZSI6MTIwMDAwMDAwMDAwMH19"
        }
      ]
    },
    {
      "mode": "managed",
      "type": "aws_s3_bucket_server_side_encryption_configuration",
      "name": "first",
      "provider": "provider[\"registry.terraform.io/hashicorp/aws\"]",
      "instances": [
        {
          "schema_version": 0,
          "attributes": {
            "bucket": "francis-dev-terraform-bucket",
            "expected_bucket_owner": "",
            "id": "francis-dev-terraform-bucket",
            "rule": [
              {
                "apply_server_side_encryption_by_default": [
                  {
                    "kms_master_key_id": "",
                    "sse_algorithm": "AES256"
                  }
                ],
                "bucket_key_enabled": null
              }
            ]
          },
          "sensitive_attributes": [],
          "private": "bnVsbA==",
          "dependencies": [
            "aws_s3_bucket.terraform_state"
          ]
        }
      ]
    },
    {
      "mode": "managed",
      "type": "aws_s3_bucket_versioning",
      "name": "versioning",
      "provider": "provider[\"registry.terraform.io/hashicorp/aws\"]",
      "instances": [
        {
          "schema_version": 0,
          "attributes": {
            "bucket": "francis-dev-terraform-bucket",
            "expected_bucket_owner": "",
            "id": "francis-dev-terraform-bucket",
            "mfa": null,
            "versioning_configuration": [
              {
                "mfa_delete": "",
                "status": "Enabled"
              }
            ]
          },
          "sensitive_attributes": [],
          "private": "bnVsbA==",
          "dependencies": [
            "aws_s3_bucket.terraform_state"
          ]
        }
      ]
    },
    {
      "module": "module.ALB",
      "mode": "data",
      "type": "aws_route53_zone",
      "name": "citatech",
      "provider": "provider[\"registry.terraform.io/hashicorp/aws\"]",
      "instances": [
        {
          "schema_version": 0,
          "attributes": {
            "arn": "arn:aws:route53:::hostedzone/Z0405676ADQNA443AKTN",
            "caller_reference": "31c813a3-44dc-4e05-b1ac-b77e183f1f5b",
            "comment": "",
            "id": "Z0405676ADQNA443AKTN",
            "linked_service_description": null,
            "linked_service_principal": null,
            "name": "citatech.online",
            "name_servers": [
              "ns-1757.awsdns-27.co.uk",
              "ns-1020.awsdns-63.net",
              "ns-151.awsdns-18.com",
              "ns-1141.awsdns-14.org"
            ],
            "primary_name_server": "ns-1757.awsdns-27.co.uk",
            "private_zone": false,
            "resource_record_set_count": 2,
            "tags": {},
            "vpc_id": null,
            "zone_id": "Z0405676ADQNA443AKTN"
          },
          "sensitive_attributes": []
        }
      ]
    },
    {
      "module": "module.ALB",
      "mode": "managed",
      "type": "aws_acm_certificate",
      "name": "citatech",
      "provider": "provider[\"registry.terraform.io/hashicorp/aws\"]",
      "instances": [
        {
          "schema_version": 0,
          "attributes": {
            "arn": "arn:aws:acm:eu-central-1:010028775188:certificate/60835f5b-b34e-4103-acca-8f9a0230f793",
            "certificate_authority_arn": "",
            "certificate_body": null,
            "certificate_chain": null,
            "domain_name": "*.citatech.online",
            "domain_validation_options": [
              {
                "domain_name": "*.citatech.online",
                "resource_record_name": "_977358239d4320efab7a69c8e155afda.citatech.online.",
                "resource_record_type": "CNAME",
                "resource_record_value": "_d1460ef0b4d63290af8da35ff8808578.sdgjtdhdhz.acm-validations.aws."
              }
            ],
            "early_renewal_duration": "",
            "id": "arn:aws:acm:eu-central-1:010028775188:certificate/60835f5b-b34e-4103-acca-8f9a0230f793",
            "key_algorithm": "RSA_2048",
            "not_after": "",
            "not_before": "",
            "options": [
              {
                "certificate_transparency_logging_preference": "ENABLED"
              }
            ],
            "pending_renewal": false,
            "private_key": null,
            "renewal_eligibility": "INELIGIBLE",
            "renewal_summary": [],
            "status": "PENDING_VALIDATION",
            "subject_alternative_names": [
              "*.citatech.online"
            ],
            "tags": null,
            "tags_all": {},
            "type": "AMAZON_ISSUED",
            "validation_emails": [],
            "validation_method": "DNS",
            "validation_option": []
          },
          "sensitive_attributes": [
            [
              {
                "type": "get_attr",
                "value": "private_key"
              }
            ]
          ],
          "private": "bnVsbA=="
        }
      ]
    },
    {
      "module": "module.ALB",
      "mode": "managed",
      "type": "aws_acm_certificate_validation",
      "name": "citatech",
      "provider": "provider[\"registry.terraform.io/hashicorp/aws\"]",
      "instances": [
        {
          "schema_version": 0,
          "attributes": {
            "certificate_arn": "arn:aws:acm:eu-central-1:010028775188:certificate/60835f5b-b34e-4103-acca-8f9a0230f793",
            "id": "2024-08-09 16:23:46.715 +0000 UTC",
            "timeouts": null,
            "validation_record_fqdns": [
              "_977358239d4320efab7a69c8e155afda.citatech.online"
            ]
          },
          "sensitive_attributes": [],
          "private": "eyJlMmJmYjczMC1lY2FhLTExZTYtOGY4OC0zNDM2M2JjN2M0YzAiOnsiY3JlYXRlIjo0NTAwMDAwMDAwMDAwfX0=",
          "dependencies": [
            "module.ALB.aws_acm_certificate.citatech",
            "module.ALB.aws_route53_record.citatech",
            "module.ALB.data.aws_route53_zone.citatech"
          ]
        }
      ]
    },
    {
      "module": "module.ALB",
      "mode": "managed",
      "type": "aws_lb",
      "name": "ext-alb",
      "provider": "provider[\"registry.terraform.io/hashicorp/aws\"]",
      "instances": [
        {
          "schema_version": 0,
          "attributes": {
            "access_logs": [
              {
                "bucket": "",
                "enabled": false,
                "prefix": ""
              }
            ],
            "arn": "arn:aws:elasticloadbalancing:eu-central-1:010028775188:loadbalancer/app/fnc-ext-alb/4da610eb3f7432d0",
            "arn_suffix": "app/fnc-ext-alb/4da610eb3f7432d0",
            "client_keep_alive": 3600,
            "connection_logs": [
              {
                "bucket": "",
                "enabled": false,
                "prefix": ""
              }
            ],
            "customer_owned_ipv4_pool": "",
            "desync_mitigation_mode": "defensive",
            "dns_name": "fnc-ext-alb-1743106369.eu-central-1.elb.amazonaws.com",
            "dns_record_client_routing_policy": null,
            "drop_invalid_header_fields": false,
            "enable_cross_zone_load_balancing": true,
            "enable_deletion_protection": false,
            "enable_http2": true,
            "enable_tls_version_and_cipher_suite_headers": false,
            "enable_waf_fail_open": false,
            "enable_xff_client_port": false,
            "enforce_security_group_inbound_rules_on_private_link_traffic": "",
            "id": "arn:aws:elasticloadbalancing:eu-central-1:010028775188:loadbalancer/app/fnc-ext-alb/4da610eb3f7432d0",
            "idle_timeout": 60,
            "internal": false,
            "ip_address_type": "ipv4",
            "load_balancer_type": "application",
            "name": "fnc-ext-alb",
            "name_prefix": "",
            "preserve_host_header": false,
            "security_groups": [
              "sg-05d4a6c66304d4e7e"
            ],
            "subnet_mapping": [
              {
                "allocation_id": "",
                "ipv6_address": "",
                "outpost_id": "",
                "private_ipv4_address": "",
                "subnet_id": "subnet-013e1d77e3b4eaa7e"
              },
              {
                "allocation_id": "",
                "ipv6_address": "",
                "outpost_id": "",
                "private_ipv4_address": "",
                "subnet_id": "subnet-0756744d5fc499fa7"
              }
            ],
            "subnets": [
              "subnet-013e1d77e3b4eaa7e",
              "subnet-0756744d5fc499fa7"
            ],
            "tags": {
              "Name": "fnc-ext-alb"
            },
            "tags_all": {
              "Name": "fnc-ext-alb"
            },
            "timeouts": null,
            "vpc_id": "vpc-04b34e64823bfb065",
            "xff_header_processing_mode": "append",
            "zone_id": "Z215JYRZR1TBD5"
          },
          "sensitive_attributes": [],
          "private": "eyJlMmJmYjczMC1lY2FhLTExZTYtOGY4OC0zNDM2M2JjN2M0YzAiOnsiY3JlYXRlIjo2MDAwMDAwMDAwMDAsImRlbGV0ZSI6NjAwMDAwMDAwMDAwLCJ1cGRhdGUiOjYwMDAwMDAwMDAwMH19",
          "dependencies": [
            "module.VPC.aws_subnet.public",
            "module.VPC.aws_vpc.main",
            "module.VPC.data.aws_availability_zones.available",
            "module.security.aws_security_group.ext-alb-sg"
          ]
        }
      ]
    },
    {
      "module": "module.ALB",
      "mode": "managed",
      "type": "aws_lb",
      "name": "ialb",
      "provider": "provider[\"registry.terraform.io/hashicorp/aws\"]",
      "instances": [
        {
          "schema_version": 0,
          "attributes": {
            "access_logs": [
              {
                "bucket": "",
                "enabled": false,
                "prefix": ""
              }
            ],
            "arn": "arn:aws:elasticloadbalancing:eu-central-1:010028775188:loadbalancer/app/ialb/74c9c579b88b85c5",
            "arn_suffix": "app/ialb/74c9c579b88b85c5",
            "client_keep_alive": 3600,
            "connection_logs": [
              {
                "bucket": "",
                "enabled": false,
                "prefix": ""
              }
            ],
            "customer_owned_ipv4_pool": "",
            "desync_mitigation_mode": "defensive",
            "dns_name": "internal-ialb-1379520126.eu-central-1.elb.amazonaws.com",
            "dns_record_client_routing_policy": null,
            "drop_invalid_header_fields": false,
            "enable_cross_zone_load_balancing": true,
            "enable_deletion_protection": false,
            "enable_http2": true,
            "enable_tls_version_and_cipher_suite_headers": false,
            "enable_waf_fail_open": false,
            "enable_xff_client_port": false,
            "enforce_security_group_inbound_rules_on_private_link_traffic": "",
            "id": "arn:aws:elasticloadbalancing:eu-central-1:010028775188:loadbalancer/app/ialb/74c9c579b88b85c5",
            "idle_timeout": 60,
            "internal": true,
            "ip_address_type": "ipv4",
            "load_balancer_type": "application",
            "name": "ialb",
            "name_prefix": "",
            "preserve_host_header": false,
            "security_groups": [
              "sg-05aaed9489b9ea656"
            ],
            "subnet_mapping": [
              {
                "allocation_id": "",
                "ipv6_address": "",
                "outpost_id": "",
                "private_ipv4_address": "",
                "subnet_id": "subnet-032cf410cb4df126c"
              },
              {
                "allocation_id": "",
                "ipv6_address": "",
                "outpost_id": "",
                "private_ipv4_address": "",
                "subnet_id": "subnet-0aa49d16844dfff5b"
              }
            ],
            "subnets": [
              "subnet-032cf410cb4df126c",
              "subnet-0aa49d16844dfff5b"
            ],
            "tags": {
              "Name": "citatech-int-alb"
            },
            "tags_all": {
              "Name": "citatech-int-alb"
            },
            "timeouts": null,
            "vpc_id": "vpc-04b34e64823bfb065",
            "xff_header_processing_mode": "append",
            "zone_id": "Z215JYRZR1TBD5"
          },
          "sensitive_attributes": [],
          "private": "eyJlMmJmYjczMC1lY2FhLTExZTYtOGY4OC0zNDM2M2JjN2M0YzAiOnsiY3JlYXRlIjo2MDAwMDAwMDAwMDAsImRlbGV0ZSI6NjAwMDAwMDAwMDAwLCJ1cGRhdGUiOjYwMDAwMDAwMDAwMH19",
          "dependencies": [
            "module.VPC.aws_subnet.private",
            "module.VPC.aws_vpc.main",
            "module.VPC.data.aws_availability_zones.available",
            "module.security.aws_security_group.bastion_sg",
            "module.security.aws_security_group.ext-alb-sg",
            "module.security.aws_security_group.int-alb-sg",
            "module.security.aws_security_group.nginx-sg"
          ]
        }
      ]
    },
    {
      "module": "module.ALB",
      "mode": "managed",
      "type": "aws_lb_listener",
      "name": "nginx-listner",
      "provider": "provider[\"registry.terraform.io/hashicorp/aws\"]",
      "instances": [
        {
          "schema_version": 0,
          "attributes": {
            "alpn_policy": null,
            "arn": "arn:aws:elasticloadbalancing:eu-central-1:010028775188:listener/app/fnc-ext-alb/4da610eb3f7432d0/bd40c324cb45344e",
            "certificate_arn": "arn:aws:acm:eu-central-1:010028775188:certificate/60835f5b-b34e-4103-acca-8f9a0230f793",
            "default_action": [
              {
                "authenticate_cognito": [],
                "authenticate_oidc": [],
                "fixed_response": [],
                "forward": [],
                "order": 1,
                "redirect": [],
                "target_group_arn": "arn:aws:elasticloadbalancing:eu-central-1:010028775188:targetgroup/nginx-tgt/8823d730521dace0",
                "type": "forward"
              }
            ],
            "id": "arn:aws:elasticloadbalancing:eu-central-1:010028775188:listener/app/fnc-ext-alb/4da610eb3f7432d0/bd40c324cb45344e",
            "load_balancer_arn": "arn:aws:elasticloadbalancing:eu-central-1:010028775188:loadbalancer/app/fnc-ext-alb/4da610eb3f7432d0",
            "mutual_authentication": [
              {
                "ignore_client_certificate_expiry": false,
                "mode": "off",
                "trust_store_arn": ""
              }
            ],
            "port": 443,
            "protocol": "HTTPS",
            "ssl_policy": "ELBSecurityPolicy-2016-08",
            "tags": null,
            "tags_all": {},
            "timeouts": null
          },
          "sensitive_attributes": [],
          "private": "eyJlMmJmYjczMC1lY2FhLTExZTYtOGY4OC0zNDM2M2JjN2M0YzAiOnsiY3JlYXRlIjozMDAwMDAwMDAwMDAsInVwZGF0ZSI6MzAwMDAwMDAwMDAwfX0=",
          "dependencies": [
            "module.ALB.aws_acm_certificate.citatech",
            "module.ALB.aws_acm_certificate_validation.citatech",
            "module.ALB.aws_lb.ext-alb",
            "module.ALB.aws_lb_target_group.nginx-tgt",
            "module.ALB.aws_route53_record.citatech",
            "module.ALB.data.aws_route53_zone.citatech",
            "module.VPC.aws_subnet.public",
            "module.VPC.aws_vpc.main",
            "module.VPC.data.aws_availability_zones.available",
            "module.security.aws_security_group.ext-alb-sg"
          ]
        }
      ]
    },
    {
      "module": "module.ALB",
      "mode": "managed",
      "type": "aws_lb_listener",
      "name": "web-listener",
      "provider": "provider[\"registry.terraform.io/hashicorp/aws\"]",
      "instances": [
        {
          "schema_version": 0,
          "attributes": {
            "alpn_policy": null,
            "arn": "arn:aws:elasticloadbalancing:eu-central-1:010028775188:listener/app/ialb/74c9c579b88b85c5/a63fbb4808558a9e",
            "certificate_arn": "arn:aws:acm:eu-central-1:010028775188:certificate/60835f5b-b34e-4103-acca-8f9a0230f793",
            "default_action": [
              {
                "authenticate_cognito": [],
                "authenticate_oidc": [],
                "fixed_response": [],
                "forward": [],
                "order": 1,
                "redirect": [],
                "target_group_arn": "arn:aws:elasticloadbalancing:eu-central-1:010028775188:targetgroup/wordpress-tgt/ce1fa8d5e70430f9",
                "type": "forward"
              }
            ],
            "id": "arn:aws:elasticloadbalancing:eu-central-1:010028775188:listener/app/ialb/74c9c579b88b85c5/a63fbb4808558a9e",
            "load_balancer_arn": "arn:aws:elasticloadbalancing:eu-central-1:010028775188:loadbalancer/app/ialb/74c9c579b88b85c5",
            "mutual_authentication": [
              {
                "ignore_client_certificate_expiry": false,
                "mode": "off",
                "trust_store_arn": ""
              }
            ],
            "port": 443,
            "protocol": "HTTPS",
            "ssl_policy": "ELBSecurityPolicy-2016-08",
            "tags": null,
            "tags_all": {},
            "timeouts": null
          },
          "sensitive_attributes": [],
          "private": "eyJlMmJmYjczMC1lY2FhLTExZTYtOGY4OC0zNDM2M2JjN2M0YzAiOnsiY3JlYXRlIjozMDAwMDAwMDAwMDAsInVwZGF0ZSI6MzAwMDAwMDAwMDAwfX0=",
          "dependencies": [
            "module.ALB.aws_acm_certificate.citatech",
            "module.ALB.aws_acm_certificate_validation.citatech",
            "module.ALB.aws_lb.ialb",
            "module.ALB.aws_lb_target_group.wordpress-tgt",
            "module.ALB.aws_route53_record.citatech",
            "module.ALB.data.aws_route53_zone.citatech",
            "module.VPC.aws_subnet.private",
            "module.VPC.aws_vpc.main",
            "module.VPC.data.aws_availability_zones.available",
            "module.security.aws_security_group.bastion_sg",
            "module.security.aws_security_group.ext-alb-sg",
            "module.security.aws_security_group.int-alb-sg",
            "module.security.aws_security_group.nginx-sg"
          ]
        }
      ]
    },
    {
      "module": "module.ALB",
      "mode": "managed",
      "type": "aws_lb_listener_rule",
      "name": "tooling-listener",
      "provider": "provider[\"registry.terraform.io/hashicorp/aws\"]",
      "instances": [
        {
          "schema_version": 0,
          "attributes": {
            "action": [
              {
                "authenticate_cognito": [],
                "authenticate_oidc": [],
                "fixed_response": [],
                "forward": [],
                "order": 1,
                "redirect": [],
                "target_group_arn": "arn:aws:elasticloadbalancing:eu-central-1:010028775188:targetgroup/tooling-tgt/75b25c57ba23fa2d",
                "type": "forward"
              }
            ],
            "arn": "arn:aws:elasticloadbalancing:eu-central-1:010028775188:listener-rule/app/ialb/74c9c579b88b85c5/a63fbb4808558a9e/12e221e5c0391ed5",
            "condition": [
              {
                "host_header": [
                  {
                    "values": [
                      "tooling.citatech.online"
                    ]
                  }
                ],
                "http_header": [],
                "http_request_method": [],
                "path_pattern": [],
                "query_string": [],
                "source_ip": []
              }
            ],
            "id": "arn:aws:elasticloadbalancing:eu-central-1:010028775188:listener-rule/app/ialb/74c9c579b88b85c5/a63fbb4808558a9e/12e221e5c0391ed5",
            "listener_arn": "arn:aws:elasticloadbalancing:eu-central-1:010028775188:listener/app/ialb/74c9c579b88b85c5/a63fbb4808558a9e",
            "priority": 99,
            "tags": null,
            "tags_all": {}
          },
          "sensitive_attributes": [],
          "private": "bnVsbA==",
          "dependencies": [
            "module.ALB.aws_acm_certificate.citatech",
            "module.ALB.aws_acm_certificate_validation.citatech",
            "module.ALB.aws_lb.ialb",
            "module.ALB.aws_lb_listener.web-listener",
            "module.ALB.aws_lb_target_group.tooling-tgt",
            "module.ALB.aws_lb_target_group.wordpress-tgt",
            "module.ALB.aws_route53_record.citatech",
            "module.ALB.data.aws_route53_zone.citatech",
            "module.VPC.aws_subnet.private",
            "module.VPC.aws_vpc.main",
            "module.VPC.data.aws_availability_zones.available",
            "module.security.aws_security_group.bastion_sg",
            "module.security.aws_security_group.ext-alb-sg",
            "module.security.aws_security_group.int-alb-sg",
            "module.security.aws_security_group.nginx-sg"
          ]
        }
      ]
    },
    {
      "module": "module.ALB",
      "mode": "managed",
      "type": "aws_lb_target_group",
      "name": "nginx-tgt",
      "provider": "provider[\"registry.terraform.io/hashicorp/aws\"]",
      "instances": [
        {
          "schema_version": 0,
          "attributes": {
            "arn": "arn:aws:elasticloadbalancing:eu-central-1:010028775188:targetgroup/nginx-tgt/8823d730521dace0",
            "arn_suffix": "targetgroup/nginx-tgt/8823d730521dace0",
            "connection_termination": null,
            "deregistration_delay": "300",
            "health_check": [
              {
                "enabled": true,
                "healthy_threshold": 5,
                "interval": 10,
                "matcher": "200",
                "path": "/healthstatus",
                "port": "traffic-port",
                "protocol": "HTTPS",
                "timeout": 5,
                "unhealthy_threshold": 2
              }
            ],
            "id": "arn:aws:elasticloadbalancing:eu-central-1:010028775188:targetgroup/nginx-tgt/8823d730521dace0",
            "ip_address_type": "ipv4",
            "lambda_multi_value_headers_enabled": false,
            "load_balancer_arns": [],
            "load_balancing_algorithm_type": "round_robin",
            "load_balancing_anomaly_mitigation": "off",
            "load_balancing_cross_zone_enabled": "use_load_balancer_configuration",
            "name": "nginx-tgt",
            "name_prefix": "",
            "port": 443,
            "preserve_client_ip": null,
            "protocol": "HTTPS",
            "protocol_version": "HTTP1",
            "proxy_protocol_v2": false,
            "slow_start": 0,
            "stickiness": [
              {
                "cookie_duration": 86400,
                "cookie_name": "",
                "enabled": false,
                "type": "lb_cookie"
              }
            ],
            "tags": null,
            "tags_all": {},
            "target_failover": [
              {
                "on_deregistration": null,
                "on_unhealthy": null
              }
            ],
            "target_group_health": [
              {
                "dns_failover": [
                  {
                    "minimum_healthy_targets_count": "1",
                    "minimum_healthy_targets_percentage": "off"
                  }
                ],
                "unhealthy_state_routing": [
                  {
                    "minimum_healthy_targets_count": 1,
                    "minimum_healthy_targets_percentage": "off"
                  }
                ]
              }
            ],
            "target_health_state": [
              {
                "enable_unhealthy_connection_termination": null
              }
            ],
            "target_type": "instance",
            "vpc_id": "vpc-04b34e64823bfb065"
          },
          "sensitive_attributes": [],
          "private": "bnVsbA==",
          "dependencies": [
            "module.VPC.aws_vpc.main"
          ]
        }
      ]
    },
    {
      "module": "module.ALB",
      "mode": "managed",
      "type": "aws_lb_target_group",
      "name": "tooling-tgt",
      "provider": "provider[\"registry.terraform.io/hashicorp/aws\"]",
      "instances": [
        {
          "schema_version": 0,
          "attributes": {
            "arn": "arn:aws:elasticloadbalancing:eu-central-1:010028775188:targetgroup/tooling-tgt/75b25c57ba23fa2d",
            "arn_suffix": "targetgroup/tooling-tgt/75b25c57ba23fa2d",
            "connection_termination": null,
            "deregistration_delay": "300",
            "health_check": [
              {
                "enabled": true,
                "healthy_threshold": 5,
                "interval": 10,
                "matcher": "200",
                "path": "/healthstatus",
                "port": "traffic-port",
                "protocol": "HTTPS",
                "timeout": 5,
                "unhealthy_threshold": 2
              }
            ],
            "id": "arn:aws:elasticloadbalancing:eu-central-1:010028775188:targetgroup/tooling-tgt/75b25c57ba23fa2d",
            "ip_address_type": "ipv4",
            "lambda_multi_value_headers_enabled": false,
            "load_balancer_arns": [],
            "load_balancing_algorithm_type": "round_robin",
            "load_balancing_anomaly_mitigation": "off",
            "load_balancing_cross_zone_enabled": "use_load_balancer_configuration",
            "name": "tooling-tgt",
            "name_prefix": "",
            "port": 443,
            "preserve_client_ip": null,
            "protocol": "HTTPS",
            "protocol_version": "HTTP1",
            "proxy_protocol_v2": false,
            "slow_start": 0,
            "stickiness": [
              {
                "cookie_duration": 86400,
                "cookie_name": "",
                "enabled": false,
                "type": "lb_cookie"
              }
            ],
            "tags": null,
            "tags_all": {},
            "target_failover": [
              {
                "on_deregistration": null,
                "on_unhealthy": null
              }
            ],
            "target_group_health": [
              {
                "dns_failover": [
                  {
                    "minimum_healthy_targets_count": "1",
                    "minimum_healthy_targets_percentage": "off"
                  }
                ],
                "unhealthy_state_routing": [
                  {
                    "minimum_healthy_targets_count": 1,
                    "minimum_healthy_targets_percentage": "off"
                  }
                ]
              }
            ],
            "target_health_state": [
              {
                "enable_unhealthy_connection_termination": null
              }
            ],
            "target_type": "instance",
            "vpc_id": "vpc-04b34e64823bfb065"
          },
          "sensitive_attributes": [],
          "private": "bnVsbA==",
          "dependencies": [
            "module.VPC.aws_vpc.main"
          ]
        }
      ]
    },
    {
      "module": "module.ALB",
      "mode": "managed",
      "type": "aws_lb_target_group",
      "name": "wordpress-tgt",
      "provider": "provider[\"registry.terraform.io/hashicorp/aws\"]",
      "instances": [
        {
          "schema_version": 0,
          "attributes": {
            "arn": "arn:aws:elasticloadbalancing:eu-central-1:010028775188:targetgroup/wordpress-tgt/ce1fa8d5e70430f9",
            "arn_suffix": "targetgroup/wordpress-tgt/ce1fa8d5e70430f9",
            "connection_termination": null,
            "deregistration_delay": "300",
            "health_check": [
              {
                "enabled": true,
                "healthy_threshold": 5,
                "interval": 10,
                "matcher": "200",
                "path": "/healthstatus",
                "port": "traffic-port",
                "protocol": "HTTPS",
                "timeout": 5,
                "unhealthy_threshold": 2
              }
            ],
            "id": "arn:aws:elasticloadbalancing:eu-central-1:010028775188:targetgroup/wordpress-tgt/ce1fa8d5e70430f9",
            "ip_address_type": "ipv4",
            "lambda_multi_value_headers_enabled": false,
            "load_balancer_arns": [],
            "load_balancing_algorithm_type": "round_robin",
            "load_balancing_anomaly_mitigation": "off",
            "load_balancing_cross_zone_enabled": "use_load_balancer_configuration",
            "name": "wordpress-tgt",
            "name_prefix": "",
            "port": 443,
            "preserve_client_ip": null,
            "protocol": "HTTPS",
            "protocol_version": "HTTP1",
            "proxy_protocol_v2": false,
            "slow_start": 0,
            "stickiness": [
              {
                "cookie_duration": 86400,
                "cookie_name": "",
                "enabled": false,
                "type": "lb_cookie"
              }
            ],
            "tags": null,
            "tags_all": {},
            "target_failover": [
              {
                "on_deregistration": null,
                "on_unhealthy": null
              }
            ],
            "target_group_health": [
              {
                "dns_failover": [
                  {
                    "minimum_healthy_targets_count": "1",
                    "minimum_healthy_targets_percentage": "off"
                  }
                ],
                "unhealthy_state_routing": [
                  {
                    "minimum_healthy_targets_count": 1,
                    "minimum_healthy_targets_percentage": "off"
                  }
                ]
              }
            ],
            "target_health_state": [
              {
                "enable_unhealthy_connection_termination": null
              }
            ],
            "target_type": "instance",
            "vpc_id": "vpc-04b34e64823bfb065"
          },
          "sensitive_attributes": [],
          "private": "bnVsbA==",
          "dependencies": [
            "module.VPC.aws_vpc.main"
          ]
        }
      ]
    },
    {
      "module": "module.ALB",
      "mode": "managed",
      "type": "aws_route53_record",
      "name": "citatech",
      "provider": "provider[\"registry.terraform.io/hashicorp/aws\"]",
      "instances": [
        {
          "index_key": "*.citatech.online",
          "schema_version": 2,
          "attributes": {
            "alias": [],
            "allow_overwrite": true,
            "cidr_routing_policy": [],
            "failover_routing_policy": [],
            "fqdn": "_977358239d4320efab7a69c8e155afda.citatech.online",
            "geolocation_routing_policy": [],
            "geoproximity_routing_policy": [],
            "health_check_id": "",
            "id": "Z0405676ADQNA443AKTN__977358239d4320efab7a69c8e155afda.citatech.online._CNAME",
            "latency_routing_policy": [],
            "multivalue_answer_routing_policy": false,
            "name": "_977358239d4320efab7a69c8e155afda.citatech.online",
            "records": [
              "_d1460ef0b4d63290af8da35ff8808578.sdgjtdhdhz.acm-validations.aws."
            ],
            "set_identifier": "",
            "ttl": 60,
            "type": "CNAME",
            "weighted_routing_policy": [],
            "zone_id": "Z0405676ADQNA443AKTN"
          },
          "sensitive_attributes": [],
          "private": "eyJzY2hlbWFfdmVyc2lvbiI6IjIifQ==",
          "dependencies": [
            "module.ALB.aws_acm_certificate.citatech",
            "module.ALB.data.aws_route53_zone.citatech"
          ]
        }
      ]
    },
    {
      "module": "module.ALB",
      "mode": "managed",
      "type": "aws_route53_record",
      "name": "tooling",
      "provider": "provider[\"registry.terraform.io/hashicorp/aws\"]",
      "instances": [
        {
          "schema_version": 2,
          "attributes": {
            "alias": [
              {
                "evaluate_target_health": true,
                "name": "fnc-ext-alb-1743106369.eu-central-1.elb.amazonaws.com",
                "zone_id": "Z215JYRZR1TBD5"
              }
            ],
            "allow_overwrite": null,
            "cidr_routing_policy": [],
            "failover_routing_policy": [],
            "fqdn": "tooling.citatech.online",
            "geolocation_routing_policy": [],
            "geoproximity_routing_policy": [],
            "health_check_id": "",
            "id": "Z0405676ADQNA443AKTN_tooling.citatech.online_A",
            "latency_routing_policy": [],
            "multivalue_answer_routing_policy": false,
            "name": "tooling.citatech.online",
            "records": null,
            "set_identifier": "",
            "ttl": 0,
            "type": "A",
            "weighted_routing_policy": [],
            "zone_id": "Z0405676ADQNA443AKTN"
          },
          "sensitive_attributes": [],
          "private": "eyJzY2hlbWFfdmVyc2lvbiI6IjIifQ==",
          "dependencies": [
            "module.ALB.aws_lb.ext-alb",
            "module.ALB.data.aws_route53_zone.citatech",
            "module.VPC.aws_subnet.public",
            "module.VPC.aws_vpc.main",
            "module.VPC.data.aws_availability_zones.available",
            "module.security.aws_security_group.ext-alb-sg"
          ]
        }
      ]
    },
    {
      "module": "module.ALB",
      "mode": "managed",
      "type": "aws_route53_record",
      "name": "wordpress",
      "provider": "provider[\"registry.terraform.io/hashicorp/aws\"]",
      "instances": [
        {
          "schema_version": 2,
          "attributes": {
            "alias": [
              {
                "evaluate_target_health": true,
                "name": "fnc-ext-alb-1743106369.eu-central-1.elb.amazonaws.com",
                "zone_id": "Z215JYRZR1TBD5"
              }
            ],
            "allow_overwrite": null,
            "cidr_routing_policy": [],
            "failover_routing_policy": [],
            "fqdn": "wordpress.citatech.online",
            "geolocation_routing_policy": [],
            "geoproximity_routing_policy": [],
            "health_check_id": "",
            "id": "Z0405676ADQNA443AKTN_wordpress.citatech.online_A",
            "latency_routing_policy": [],
            "multivalue_answer_routing_policy": false,
            "name": "wordpress.citatech.online",
            "records": null,
            "set_identifier": "",
            "ttl": 0,
            "type": "A",
            "weighted_routing_policy": [],
            "zone_id": "Z0405676ADQNA443AKTN"
          },
          "sensitive_attributes": [],
          "private": "eyJzY2hlbWFfdmVyc2lvbiI6IjIifQ==",
          "dependencies": [
            "module.ALB.aws_lb.ext-alb",
            "module.ALB.data.aws_route53_zone.citatech",
            "module.VPC.aws_subnet.public",
            "module.VPC.aws_vpc.main",
            "module.VPC.data.aws_availability_zones.available",
            "module.security.aws_security_group.ext-alb-sg"
          ]
        }
      ]
    },
    {
      "module": "module.AutoScaling",
      "mode": "data",
      "type": "aws_availability_zones",
      "name": "available",
      "provider": "provider[\"registry.terraform.io/hashicorp/aws\"]",
      "instances": [
        {
          "schema_version": 0,
          "attributes": {
            "all_availability_zones": null,
            "exclude_names": null,
            "exclude_zone_ids": null,
            "filter": null,
            "group_names": [
              "eu-central-1"
            ],
            "id": "eu-central-1",
            "names": [
              "eu-central-1a",
              "eu-central-1b",
              "eu-central-1c"
            ],
            "state": "available",
            "timeouts": null,
            "zone_ids": [
              "euc1-az2",
              "euc1-az3",
              "euc1-az1"
            ]
          },
          "sensitive_attributes": []
        }
      ]
    },
    {
      "module": "module.AutoScaling",
      "mode": "managed",
      "type": "aws_autoscaling_attachment",
      "name": "asg_attachment_nginx",
      "provider": "provider[\"registry.terraform.io/hashicorp/aws\"]",
      "instances": [
        {
          "schema_version": 0,
          "attributes": {
            "autoscaling_group_name": "nginx-asg",
            "elb": null,
            "id": "nginx-asg-2024080916243414930000000d",
            "lb_target_group_arn": "arn:aws:elasticloadbalancing:eu-central-1:010028775188:targetgroup/nginx-tgt/8823d730521dace0"
          },
          "sensitive_attributes": [],
          "private": "bnVsbA==",
          "dependencies": [
            "module.ALB.aws_lb_target_group.nginx-tgt",
            "module.AutoScaling.aws_autoscaling_group.nginx-asg",
            "module.AutoScaling.aws_launch_template.nginx-launch-template",
            "module.VPC.aws_iam_instance_profile.ip",
            "module.VPC.aws_iam_role.ec2_instance_role",
            "module.VPC.aws_subnet.public",
            "module.VPC.aws_vpc.main",
            "module.VPC.data.aws_availability_zones.available",
            "module.security.aws_security_group.bastion_sg",
            "module.security.aws_security_group.ext-alb-sg",
            "module.security.aws_security_group.nginx-sg"
          ]
        }
      ]
    },
    {
      "module": "module.AutoScaling",
      "mode": "managed",
      "type": "aws_autoscaling_group",
      "name": "bastion-asg",
      "provider": "provider[\"registry.terraform.io/hashicorp/aws\"]",
      "instances": [
        {
          "schema_version": 1,
          "attributes": {
            "arn": "arn:aws:autoscaling:eu-central-1:010028775188:autoScalingGroup:df6c7c19-d452-47e2-9b53-e41b2c95a208:autoScalingGroupName/bastion-asg",
            "availability_zones": [
              "eu-central-1a",
              "eu-central-1b"
            ],
            "capacity_rebalance": false,
            "context": "",
            "default_cooldown": 300,
            "default_instance_warmup": 0,
            "desired_capacity": 2,
            "desired_capacity_type": "",
            "enabled_metrics": null,
            "force_delete": false,
            "force_delete_warm_pool": false,
            "health_check_grace_period": 300,
            "health_check_type": "ELB",
            "id": "bastion-asg",
            "ignore_failed_scaling_activities": false,
            "initial_lifecycle_hook": [],
            "instance_maintenance_policy": [],
            "instance_refresh": [],
            "launch_configuration": "",
            "launch_template": [
              {
                "id": "lt-0738c07b614499927",
                "name": "terraform-20240809162342718700000002",
                "version": "$Latest"
              }
            ],
            "load_balancers": [],
            "max_instance_lifetime": 0,
            "max_size": 2,
            "metrics_granularity": "1Minute",
            "min_elb_capacity": null,
            "min_size": 2,
            "mixed_instances_policy": [],
            "name": "bastion-asg",
            "name_prefix": "",
            "placement_group": "",
            "predicted_capacity": 0,
            "protect_from_scale_in": false,
            "service_linked_role_arn": "arn:aws:iam::010028775188:role/aws-service-role/autoscaling.amazonaws.com/AWSServiceRoleForAutoScaling",
            "suspended_processes": null,
            "tag": [
              {
                "key": "Name",
                "propagate_at_launch": true,
                "value": "citatech-bastion"
              }
            ],
            "target_group_arns": [],
            "termination_policies": null,
            "timeouts": null,
            "traffic_source": [],
            "vpc_zone_identifier": [
              "subnet-013e1d77e3b4eaa7e",
              "subnet-0756744d5fc499fa7"
            ],
            "wait_for_capacity_timeout": "10m",
            "wait_for_elb_capacity": null,
            "warm_pool": [],
            "warm_pool_size": 0
          },
          "sensitive_attributes": [],
          "private": "eyJlMmJmYjczMC1lY2FhLTExZTYtOGY4OC0zNDM2M2JjN2M0YzAiOnsiZGVsZXRlIjo2MDAwMDAwMDAwMDAsInVwZGF0ZSI6NjAwMDAwMDAwMDAwfSwic2NoZW1hX3ZlcnNpb24iOiIxIn0=",
          "dependencies": [
            "module.AutoScaling.aws_launch_template.bastion-launch-template",
            "module.VPC.aws_iam_instance_profile.ip",
            "module.VPC.aws_iam_role.ec2_instance_role",
            "module.VPC.aws_subnet.public",
            "module.VPC.aws_vpc.main",
            "module.VPC.data.aws_availability_zones.available",
            "module.security.aws_security_group.bastion_sg"
          ]
        }
      ]
    },
    {
      "module": "module.AutoScaling",
      "mode": "managed",
      "type": "aws_autoscaling_group",
      "name": "nginx-asg",
      "provider": "provider[\"registry.terraform.io/hashicorp/aws\"]",
      "instances": [
        {
          "schema_version": 1,
          "attributes": {
            "arn": "arn:aws:autoscaling:eu-central-1:010028775188:autoScalingGroup:b5e82930-9153-4ddb-8fd8-10851002da5a:autoScalingGroupName/nginx-asg",
            "availability_zones": [
              "eu-central-1a",
              "eu-central-1b"
            ],
            "capacity_rebalance": false,
            "context": "",
            "default_cooldown": 300,
            "default_instance_warmup": 0,
            "desired_capacity": 1,
            "desired_capacity_type": "",
            "enabled_metrics": null,
            "force_delete": false,
            "force_delete_warm_pool": false,
            "health_check_grace_period": 300,
            "health_check_type": "ELB",
            "id": "nginx-asg",
            "ignore_failed_scaling_activities": false,
            "initial_lifecycle_hook": [],
            "instance_maintenance_policy": [],
            "instance_refresh": [],
            "launch_configuration": "",
            "launch_template": [
              {
                "id": "lt-076a2f3f0eeb3d17d",
                "name": "terraform-20240809162347161900000004",
                "version": "$Latest"
              }
            ],
            "load_balancers": [],
            "max_instance_lifetime": 0,
            "max_size": 2,
            "metrics_granularity": "1Minute",
            "min_elb_capacity": null,
            "min_size": 1,
            "mixed_instances_policy": [],
            "name": "nginx-asg",
            "name_prefix": "",
            "placement_group": "",
            "predicted_capacity": 0,
            "protect_from_scale_in": false,
            "service_linked_role_arn": "arn:aws:iam::010028775188:role/aws-service-role/autoscaling.amazonaws.com/AWSServiceRoleForAutoScaling",
            "suspended_processes": null,
            "tag": [
              {
                "key": "Name",
                "propagate_at_launch": true,
                "value": "citatech-nginx"
              }
            ],
            "target_group_arns": [],
            "termination_policies": null,
            "timeouts": null,
            "traffic_source": [],
            "vpc_zone_identifier": [
              "subnet-013e1d77e3b4eaa7e",
              "subnet-0756744d5fc499fa7"
            ],
            "wait_for_capacity_timeout": "10m",
            "wait_for_elb_capacity": null,
            "warm_pool": [],
            "warm_pool_size": 0
          },
          "sensitive_attributes": [],
          "private": "eyJlMmJmYjczMC1lY2FhLTExZTYtOGY4OC0zNDM2M2JjN2M0YzAiOnsiZGVsZXRlIjo2MDAwMDAwMDAwMDAsInVwZGF0ZSI6NjAwMDAwMDAwMDAwfSwic2NoZW1hX3ZlcnNpb24iOiIxIn0=",
          "dependencies": [
            "module.AutoScaling.aws_launch_template.nginx-launch-template",
            "module.VPC.aws_iam_instance_profile.ip",
            "module.VPC.aws_iam_role.ec2_instance_role",
            "module.VPC.aws_subnet.public",
            "module.VPC.aws_vpc.main",
            "module.VPC.data.aws_availability_zones.available",
            "module.security.aws_security_group.bastion_sg",
            "module.security.aws_security_group.ext-alb-sg",
            "module.security.aws_security_group.nginx-sg"
          ]
        }
      ]
    },
    {
      "module": "module.AutoScaling",
      "mode": "managed",
      "type": "aws_autoscaling_group",
      "name": "tooling-asg",
      "provider": "provider[\"registry.terraform.io/hashicorp/aws\"]",
      "instances": [
        {
          "status": "tainted",
          "schema_version": 1,
          "attributes": {
            "arn": null,
            "availability_zones": [],
            "capacity_rebalance": null,
            "context": null,
            "default_cooldown": null,
            "default_instance_warmup": null,
            "desired_capacity": 2,
            "desired_capacity_type": null,
            "enabled_metrics": null,
            "force_delete": false,
            "force_delete_warm_pool": false,
            "health_check_grace_period": 300,
            "health_check_type": "ELB",
            "id": "tooling-asg",
            "ignore_failed_scaling_activities": false,
            "initial_lifecycle_hook": [],
            "instance_maintenance_policy": [],
            "instance_refresh": [],
            "launch_configuration": null,
            "launch_template": [
              {
                "id": "lt-07c1de7f282fd3ce5",
                "name": "",
                "version": "$Latest"
              }
            ],
            "load_balancers": [],
            "max_instance_lifetime": null,
            "max_size": 2,
            "metrics_granularity": "1Minute",
            "min_elb_capacity": null,
            "min_size": 2,
            "mixed_instances_policy": null,
            "name": "tooling-asg",
            "name_prefix": null,
            "placement_group": null,
            "predicted_capacity": null,
            "protect_from_scale_in": false,
            "service_linked_role_arn": null,
            "suspended_processes": null,
            "tag": [
              {
                "key": "Name",
                "propagate_at_launch": true,
                "value": "citatech-tooling"
              }
            ],
            "target_group_arns": [],
            "termination_policies": null,
            "timeouts": null,
            "traffic_source": [],
            "vpc_zone_identifier": [
              "subnet-032cf410cb4df126c",
              "subnet-0aa49d16844dfff5b"
            ],
            "wait_for_capacity_timeout": "10m",
            "wait_for_elb_capacity": null,
            "warm_pool": [],
            "warm_pool_size": null
          },
          "sensitive_attributes": [],
          "private": "eyJlMmJmYjczMC1lY2FhLTExZTYtOGY4OC0zNDM2M2JjN2M0YzAiOnsiZGVsZXRlIjo2MDAwMDAwMDAwMDAsInVwZGF0ZSI6NjAwMDAwMDAwMDAwfSwic2NoZW1hX3ZlcnNpb24iOiIxIn0=",
          "dependencies": [
            "module.AutoScaling.aws_launch_template.tooling-launch-template",
            "module.VPC.aws_iam_instance_profile.ip",
            "module.VPC.aws_iam_role.ec2_instance_role",
            "module.VPC.aws_subnet.private",
            "module.VPC.aws_vpc.main",
            "module.VPC.data.aws_availability_zones.available",
            "module.security.aws_security_group.bastion_sg",
            "module.security.aws_security_group.ext-alb-sg",
            "module.security.aws_security_group.int-alb-sg",
            "module.security.aws_security_group.nginx-sg",
            "module.security.aws_security_group.webserver-sg"
          ]
        }
      ]
    },
    {
      "module": "module.AutoScaling",
      "mode": "managed",
      "type": "aws_autoscaling_group",
      "name": "wordpress-asg",
      "provider": "provider[\"registry.terraform.io/hashicorp/aws\"]",
      "instances": [
        {
          "status": "tainted",
          "schema_version": 1,
          "attributes": {
            "arn": null,
            "availability_zones": [],
            "capacity_rebalance": null,
            "context": null,
            "default_cooldown": null,
            "default_instance_warmup": null,
            "desired_capacity": 2,
            "desired_capacity_type": null,
            "enabled_metrics": null,
            "force_delete": false,
            "force_delete_warm_pool": false,
            "health_check_grace_period": 300,
            "health_check_type": "ELB",
            "id": "wordpress-asg",
            "ignore_failed_scaling_activities": false,
            "initial_lifecycle_hook": [],
            "instance_maintenance_policy": [],
            "instance_refresh": [],
            "launch_configuration": null,
            "launch_template": [
              {
                "id": "lt-0bf62e9c5ada343ea",
                "name": "",
                "version": "$Latest"
              }
            ],
            "load_balancers": [],
            "max_instance_lifetime": null,
            "max_size": 2,
            "metrics_granularity": "1Minute",
            "min_elb_capacity": null,
            "min_size": 2,
            "mixed_instances_policy": null,
            "name": "wordpress-asg",
            "name_prefix": null,
            "placement_group": null,
            "predicted_capacity": null,
            "protect_from_scale_in": false,
            "service_linked_role_arn": null,
            "suspended_processes": null,
            "tag": [
              {
                "key": "Name",
                "propagate_at_launch": true,
                "value": "citatech-wordpress"
              }
            ],
            "target_group_arns": [],
            "termination_policies": null,
            "timeouts": null,
            "traffic_source": [],
            "vpc_zone_identifier": [
              "subnet-032cf410cb4df126c",
              "subnet-0aa49d16844dfff5b"
            ],
            "wait_for_capacity_timeout": "10m",
            "wait_for_elb_capacity": null,
            "warm_pool": [],
            "warm_pool_size": null
          },
          "sensitive_attributes": [],
          "private": "eyJlMmJmYjczMC1lY2FhLTExZTYtOGY4OC0zNDM2M2JjN2M0YzAiOnsiZGVsZXRlIjo2MDAwMDAwMDAwMDAsInVwZGF0ZSI6NjAwMDAwMDAwMDAwfSwic2NoZW1hX3ZlcnNpb24iOiIxIn0=",
          "dependencies": [
            "module.AutoScaling.aws_launch_template.wordpress-launch-template",
            "module.VPC.aws_iam_instance_profile.ip",
            "module.VPC.aws_iam_role.ec2_instance_role",
            "module.VPC.aws_subnet.private",
            "module.VPC.aws_vpc.main",
            "module.VPC.data.aws_availability_zones.available",
            "module.security.aws_security_group.bastion_sg",
            "module.security.aws_security_group.ext-alb-sg",
            "module.security.aws_security_group.int-alb-sg",
            "module.security.aws_security_group.nginx-sg",
            "module.security.aws_security_group.webserver-sg"
          ]
        }
      ]
    },
    {
      "module": "module.AutoScaling",
      "mode": "managed",
      "type": "aws_launch_template",
      "name": "bastion-launch-template",
      "provider": "provider[\"registry.terraform.io/hashicorp/aws\"]",
      "instances": [
        {
          "schema_version": 0,
          "attributes": {
            "arn": "arn:aws:ec2:eu-central-1:010028775188:launch-template/lt-0738c07b614499927",
            "block_device_mappings": [],
            "capacity_reservation_specification": [],
            "cpu_options": [],
            "credit_specification": [],
            "default_version": 1,
            "description": "",
            "disable_api_stop": false,
            "disable_api_termination": false,
            "ebs_optimized": "",
            "elastic_gpu_specifications": [],
            "elastic_inference_accelerator": [],
            "enclave_options": [],
            "hibernation_options": [],
            "iam_instance_profile": [
              {
                "arn": "",
                "name": "aws_instance_profile_test"
              }
            ],
            "id": "lt-0738c07b614499927",
            "image_id": "ami-007c3072df8eb6584",
            "instance_initiated_shutdown_behavior": "",
            "instance_market_options": [],
            "instance_requirements": [],
            "instance_type": "t2.small",
            "kernel_id": "",
            "key_name": "ami",
            "latest_version": 1,
            "license_specification": [],
            "maintenance_options": [],
            "metadata_options": [],
            "monitoring": [],
            "name": "terraform-20240809162342718700000002",
            "name_prefix": "terraform-",
            "network_interfaces": [],
            "placement": [
              {
                "affinity": "",
                "availability_zone": "random_shuffle.az_list.result",
                "group_name": "",
                "host_id": "",
                "host_resource_group_arn": "",
                "partition_number": 0,
                "spread_domain": "",
                "tenancy": ""
              }
            ],
            "private_dns_name_options": [],
            "ram_disk_id": "",
            "security_group_names": null,
            "tag_specifications": [
              {
                "resource_type": "instance",
                "tags": {
                  "Name": "bastion-launch-template"
                }
              }
            ],
            "tags": null,
            "tags_all": {},
            "update_default_version": null,
            "user_data": "IyBiYXN0aW9uIHVzZXJkYXRhCiMhL2Jpbi9iYXNoCnl1bSBpbnN0YWxsIC15IG15c3FsCnl1bSBpbnN0YWxsIC15IGdpdCB0bXV4Cnl1bSBpbnN0YWxsIC15IGFuc2libGU=",
            "vpc_security_group_ids": [
              "sg-05516ed516970dd6c"
            ]
          },
          "sensitive_attributes": [],
          "private": "bnVsbA==",
          "dependencies": [
            "module.VPC.aws_iam_instance_profile.ip",
            "module.VPC.aws_iam_role.ec2_instance_role",
            "module.VPC.aws_vpc.main",
            "module.security.aws_security_group.bastion_sg"
          ],
          "create_before_destroy": true
        }
      ]
    },
    {
      "module": "module.AutoScaling",
      "mode": "managed",
      "type": "aws_launch_template",
      "name": "nginx-launch-template",
      "provider": "provider[\"registry.terraform.io/hashicorp/aws\"]",
      "instances": [
        {
          "schema_version": 0,
          "attributes": {
            "arn": "arn:aws:ec2:eu-central-1:010028775188:launch-template/lt-076a2f3f0eeb3d17d",
            "block_device_mappings": [],
            "capacity_reservation_specification": [],
            "cpu_options": [],
            "credit_specification": [],
            "default_version": 1,
            "description": "",
            "disable_api_stop": false,
            "disable_api_termination": false,
            "ebs_optimized": "",
            "elastic_gpu_specifications": [],
            "elastic_inference_accelerator": [],
            "enclave_options": [],
            "hibernation_options": [],
            "iam_instance_profile": [
              {
                "arn": "",
                "name": "aws_instance_profile_test"
              }
            ],
            "id": "lt-076a2f3f0eeb3d17d",
            "image_id": "ami-007c3072df8eb6584",
            "instance_initiated_shutdown_behavior": "",
            "instance_market_options": [],
            "instance_requirements": [],
            "instance_type": "t2.small",
            "kernel_id": "",
            "key_name": "ami",
            "latest_version": 1,
            "license_specification": [],
            "maintenance_options": [],
            "metadata_options": [],
            "monitoring": [],
            "name": "terraform-20240809162347161900000004",
            "name_prefix": "terraform-",
            "network_interfaces": [],
            "placement": [
              {
                "affinity": "",
                "availability_zone": "random_shuffle.az_list.result",
                "group_name": "",
                "host_id": "",
                "host_resource_group_arn": "",
                "partition_number": 0,
                "spread_domain": "",
                "tenancy": ""
              }
            ],
            "private_dns_name_options": [],
            "ram_disk_id": "",
            "security_group_names": null,
            "tag_specifications": [
              {
                "resource_type": "instance",
                "tags": {
                  "Name": "nginx-launch-template"
                }
              }
            ],
            "tags": null,
            "tags_all": {},
            "update_default_version": null,
            "user_data": "IyEvYmluL2Jhc2gKeXVtIGluc3RhbGwgLXkgbmdpbngKc3lzdGVtY3RsIHN0YXJ0IApzeXN0ZW1jdGwgZW5hYmxlIG5naW54CmdpdCBjbG9uZSBodHRwczovL2dpdGh1Yi5jb20vY2l0YWRlbGljdC9jaXRhdGVjaC1wcm9qZWN0LWNvbmZpZy5naXQKbXYgL2NpdGF0ZWNoLXByb2plY3QtY29uZmlnL3JldmVyc2UuY29uZiAvZXRjL25naW54LwptdiAvZXRjL25naW54L25naW54LmNvbmYgL2V0Yy9uZ2lueC9uZ2lueC5jb25mLWRpc3RybwpjZCAvZXRjL25naW54Lwp0b3VjaCBuZ2lueC5jb25mCnNlZCAtbiAndyBuZ2lueC5jb25mJyByZXZlcnNlLmNvbmYKc3lzdGVtY3RsIHJlc3RhcnQgbmdpbngKcm0gLXJmIHJldmVyc2UuY29uZgpybSAtcmYgL2NpdGF0ZWNoLXByb2plY3QtY29uZmln",
            "vpc_security_group_ids": [
              "sg-004f65804c6bcfcc4"
            ]
          },
          "sensitive_attributes": [],
          "private": "bnVsbA==",
          "dependencies": [
            "module.VPC.aws_iam_instance_profile.ip",
            "module.VPC.aws_iam_role.ec2_instance_role",
            "module.VPC.aws_vpc.main",
            "module.security.aws_security_group.bastion_sg",
            "module.security.aws_security_group.ext-alb-sg",
            "module.security.aws_security_group.nginx-sg"
          ],
          "create_before_destroy": true
        }
      ]
    },
    {
      "module": "module.AutoScaling",
      "mode": "managed",
      "type": "aws_launch_template",
      "name": "tooling-launch-template",
      "provider": "provider[\"registry.terraform.io/hashicorp/aws\"]",
      "instances": [
        {
          "schema_version": 0,
          "attributes": {
            "arn": "arn:aws:ec2:eu-central-1:010028775188:launch-template/lt-07c1de7f282fd3ce5",
            "block_device_mappings": [],
            "capacity_reservation_specification": [],
            "cpu_options": [],
            "credit_specification": [],
            "default_version": 1,
            "description": "",
            "disable_api_stop": false,
            "disable_api_termination": false,
            "ebs_optimized": "",
            "elastic_gpu_specifications": [],
            "elastic_inference_accelerator": [],
            "enclave_options": [],
            "hibernation_options": [],
            "iam_instance_profile": [
              {
                "arn": "",
                "name": "aws_instance_profile_test"
              }
            ],
            "id": "lt-07c1de7f282fd3ce5",
            "image_id": "ami-007c3072df8eb6584",
            "instance_initiated_shutdown_behavior": "",
            "instance_market_options": [],
            "instance_requirements": [],
            "instance_type": "t2.small",
            "kernel_id": "",
            "key_name": "ami",
            "latest_version": 1,
            "license_specification": [],
            "maintenance_options": [],
            "metadata_options": [],
            "monitoring": [],
            "name": "terraform-2024080916241667010000000b",
            "name_prefix": "terraform-",
            "network_interfaces": [],
            "placement": [
              {
                "affinity": "",
                "availability_zone": "random_shuffle.az_list.result",
                "group_name": "",
                "host_id": "",
                "host_resource_group_arn": "",
                "partition_number": 0,
                "spread_domain": "",
                "tenancy": ""
              }
            ],
            "private_dns_name_options": [],
            "ram_disk_id": "",
            "security_group_names": null,
            "tag_specifications": [
              {
                "resource_type": "instance",
                "tags": {
                  "Name": "tooling-launch-template"
                }
              }
            ],
            "tags": null,
            "tags_all": {},
            "update_default_version": null,
            "user_data": "IyEvYmluL2Jhc2gKbWtkaXIgL3Zhci93d3cvCnN1ZG8gbW91bnQgLXQgZWZzIC1vIHRscyxhY2Nlc3Nwb2ludD1mc2FwLTAyYjMxYzI3YTU0NWY1N2U4IGZzLTAxNDI2NzhlOTQ2ZWIzZWQ0Oi8gL3Zhci93d3cvCnl1bSBpbnN0YWxsIC15IGh0dHBkIApzeXN0ZW1jdGwgc3RhcnQgaHR0cGQKc3lzdGVtY3RsIGVuYWJsZSBodHRwZAp5dW0gbW9kdWxlIHJlc2V0IHBocCAteQp5dW0gbW9kdWxlIGVuYWJsZSBwaHA6cmVtaS03LjQgLXkKeXVtIGluc3RhbGwgLXkgcGhwIHBocC1jb21tb24gcGhwLW1ic3RyaW5nIHBocC1vcGNhY2hlIHBocC1pbnRsIHBocC14bWwgcGhwLWdkIHBocC1jdXJsIHBocC1teXNxbG5kIHBocC1mcG0gcGhwLWpzb24Kc3lzdGVtY3RsIHN0YXJ0IHBocC1mcG0Kc3lzdGVtY3RsIGVuYWJsZSBwaHAtZnBtCmdpdCBjbG9uZSBodHRwczovL2dpdGh1Yi5jb20vY2l0YWRlbGljdC90b29saW5nMi5naXQKbWtkaXIgL3Zhci93d3cvaHRtbApzdWRvIGNwIC1yZiB0b29saW5nMi9odG1sLyogIC92YXIvd3d3L2h0bWwvCmNkIHRvb2xpbmcyCm15c3FsIC1oIGNpdGF0ZWNoLWRhdGFiYXNlLmNiNDJhb2NtOHQxci5ldS1jZW50cmFsLTEucmRzLmFtYXpvbmF3cy5jb20gLXUgYWRtaW4gLXAgdG9vbGluZ2RiIDwgdG9vbGluZy1kYi5zcWwKY2QgL2hvbWUvZWMyLXVzZXIKc3VkbyB0b3VjaCBoZWFsdGhzdGF0dXMKY2QgL3Zhci93d3cvaHRtbApzdWRvIHNlZCAtaSAicy8kZGIgPSBteXNxbGlfY29ubmVjdCgnbXlzcWwudG9vbGluZy5zdmMuY2x1c3Rlci5sb2NhbCcsICdhZG1pbicsICdhZG1pbicsICd0b29saW5nJyk7LyRkYiA9IG15c3FsaV9jb25uZWN0KCdjaXRhdGVjaC1kYXRhYmFzZS5jYjQyYW9jbTh0MXIuZXUtY2VudHJhbC0xLnJkcy5hbWF6b25hd3MuY29tJywgJ2FkbWluJywgJ2d1ZXNzV2hhdDIzMicsICd0b29saW5nZGInKTsvZyIgZnVuY3Rpb25zLnBocApjaGNvbiAtdCBodHRwZF9zeXNfcndfY29udGVudF90IC92YXIvd3d3L2h0bWwvIC1SCnN1ZG8gc3lzdGVtY3RsIHJlc3RhcnQgaHR0cGQKc3VkbyBzeXN0ZW1jdGwgc3RhdHVzIGh0dHBk",
            "vpc_security_group_ids": [
              "sg-06fc8d80dbd8c9b7f"
            ]
          },
          "sensitive_attributes": [],
          "private": "bnVsbA==",
          "dependencies": [
            "module.VPC.aws_iam_instance_profile.ip",
            "module.VPC.aws_iam_role.ec2_instance_role",
            "module.VPC.aws_vpc.main",
            "module.security.aws_security_group.bastion_sg",
            "module.security.aws_security_group.ext-alb-sg",
            "module.security.aws_security_group.int-alb-sg",
            "module.security.aws_security_group.nginx-sg",
            "module.security.aws_security_group.webserver-sg"
          ],
          "create_before_destroy": true
        }
      ]
    },
    {
      "module": "module.AutoScaling",
      "mode": "managed",
      "type": "aws_launch_template",
      "name": "wordpress-launch-template",
      "provider": "provider[\"registry.terraform.io/hashicorp/aws\"]",
      "instances": [
        {
          "schema_version": 0,
          "attributes": {
            "arn": "arn:aws:ec2:eu-central-1:010028775188:launch-template/lt-0bf62e9c5ada343ea",
            "block_device_mappings": [],
            "capacity_reservation_specification": [],
            "cpu_options": [],
            "credit_specification": [],
            "default_version": 1,
            "description": "",
            "disable_api_stop": false,
            "disable_api_termination": false,
            "ebs_optimized": "",
            "elastic_gpu_specifications": [],
            "elastic_inference_accelerator": [],
            "enclave_options": [],
            "hibernation_options": [],
            "iam_instance_profile": [
              {
                "arn": "",
                "name": "aws_instance_profile_test"
              }
            ],
            "id": "lt-0bf62e9c5ada343ea",
            "image_id": "ami-007c3072df8eb6584",
            "instance_initiated_shutdown_behavior": "",
            "instance_market_options": [],
            "instance_requirements": [],
            "instance_type": "t2.small",
            "kernel_id": "",
            "key_name": "ami",
            "latest_version": 1,
            "license_specification": [],
            "maintenance_options": [],
            "metadata_options": [],
            "monitoring": [],
            "name": "terraform-20240809162415941200000009",
            "name_prefix": "terraform-",
            "network_interfaces": [],
            "placement": [
              {
                "affinity": "",
                "availability_zone": "random_shuffle.az_list.result",
                "group_name": "",
                "host_id": "",
                "host_resource_group_arn": "",
                "partition_number": 0,
                "spread_domain": "",
                "tenancy": ""
              }
            ],
            "private_dns_name_options": [],
            "ram_disk_id": "",
            "security_group_names": null,
            "tag_specifications": [
              {
                "resource_type": "instance",
                "tags": {
                  "Name": "wordpress-launch-template"
                }
              }
            ],
            "tags": null,
            "tags_all": {},
            "update_default_version": null,
            "user_data": "IyEvYmluL2Jhc2gKbWtkaXIgL3Zhci93d3cvCnN1ZG8gbW91bnQgLXQgZWZzIC1vIHRscyxhY2Nlc3Nwb2ludD1mc2FwLTBhMWJmZTBhNjc1M2FjY2I5IGZzLTAxNDI2NzhlOTQ2ZWIzZWQ0Oi8gL3Zhci93d3cvCnl1bSBpbnN0YWxsIC15IGh0dHBkIApzeXN0ZW1jdGwgc3RhcnQgaHR0cGQKc3lzdGVtY3RsIGVuYWJsZSBodHRwZAp5dW0gbW9kdWxlIHJlc2V0IHBocCAteQp5dW0gbW9kdWxlIGVuYWJsZSBwaHA6cmVtaS03LjQgLXkKeXVtIGluc3RhbGwgLXkgcGhwIHBocC1jb21tb24gcGhwLW1ic3RyaW5nIHBocC1vcGNhY2hlIHBocC1pbnRsIHBocC14bWwgcGhwLWdkIHBocC1jdXJsIHBocC1teXNxbG5kIHBocC1mcG0gcGhwLWpzb24Kc3lzdGVtY3RsIHN0YXJ0IHBocC1mcG0Kc3lzdGVtY3RsIGVuYWJsZSBwaHAtZnBtCndnZXQgaHR0cDovL3dvcmRwcmVzcy5vcmcvbGF0ZXN0LnRhci5negp0YXIgeHp2ZiBsYXRlc3QudGFyLmd6CnJtIC1yZiBsYXRlc3QudGFyLmd6CmNwIHdvcmRwcmVzcy93cC1jb25maWctc2FtcGxlLnBocCB3b3JkcHJlc3Mvd3AtY29uZmlnLnBocApta2RpciAvdmFyL3d3dy9odG1sLwpzdWRvIGNwIC1SIC93b3JkcHJlc3MvKiAvdmFyL3d3dy9odG1sLwpjZCAvdmFyL3d3dy9odG1sLwpzdWRvIHRvdWNoIGhlYWx0aHN0YXR1cwpzZWQgLWkgInMvbG9jYWxob3N0L2NpdGF0ZWNoLWRhdGFiYXNlLmNiNDJhb2NtOHQxci5ldS1jZW50cmFsLTEucmRzLmFtYXpvbmF3cy5jb20vZyIgd3AtY29uZmlnLnBocCAKc2VkIC1pICJzL3VzZXJuYW1lX2hlcmUvYWRtaW4vZyIgd3AtY29uZmlnLnBocCAKc2VkIC1pICJzL3Bhc3N3b3JkX2hlcmUvZ3Vlc3NXaGF0MjMyL2ciIHdwLWNvbmZpZy5waHAgCnNlZCAtaSAicy9kYXRhYmFzZV9uYW1lX2hlcmUvd29yZHByZXNzZGIvZyIgd3AtY29uZmlnLnBocCAKY2hjb24gLXQgaHR0cGRfc3lzX3J3X2NvbnRlbnRfdCAvdmFyL3d3dy9odG1sLyAtUgpzdWRvIHN5c3RlbWN0bCByZXN0YXJ0IGh0dHBkCnN1ZG8gc3lzdGVtY3RsIHN0YXR1cyBodHRwZA==",
            "vpc_security_group_ids": [
              "sg-06fc8d80dbd8c9b7f"
            ]
          },
          "sensitive_attributes": [],
          "private": "bnVsbA==",
          "dependencies": [
            "module.VPC.aws_iam_instance_profile.ip",
            "module.VPC.aws_iam_role.ec2_instance_role",
            "module.VPC.aws_vpc.main",
            "module.security.aws_security_group.bastion_sg",
            "module.security.aws_security_group.ext-alb-sg",
            "module.security.aws_security_group.int-alb-sg",
            "module.security.aws_security_group.nginx-sg",
            "module.security.aws_security_group.webserver-sg"
          ],
          "create_before_destroy": true
        }
      ]
    },
    {
      "module": "module.AutoScaling",
      "mode": "managed",
      "type": "aws_sns_topic",
      "name": "citatech-sns",
      "provider": "provider[\"registry.terraform.io/hashicorp/aws\"]",
      "instances": [
        {
          "schema_version": 0,
          "attributes": {
            "application_failure_feedback_role_arn": "",
            "application_success_feedback_role_arn": "",
            "application_success_feedback_sample_rate": 0,
            "archive_policy": "",
            "arn": "arn:aws:sns:eu-central-1:010028775188:Default_CloudWatch_Alarms_Topic",
            "beginning_archive_time": "",
            "content_based_deduplication": false,
            "delivery_policy": "",
            "display_name": "",
            "fifo_topic": false,
            "firehose_failure_feedback_role_arn": "",
            "firehose_success_feedback_role_arn": "",
            "firehose_success_feedback_sample_rate": 0,
            "http_failure_feedback_role_arn": "",
            "http_success_feedback_role_arn": "",
            "http_success_feedback_sample_rate": 0,
            "id": "arn:aws:sns:eu-central-1:010028775188:Default_CloudWatch_Alarms_Topic",
            "kms_master_key_id": "",
            "lambda_failure_feedback_role_arn": "",
            "lambda_success_feedback_role_arn": "",
            "lambda_success_feedback_sample_rate": 0,
            "name": "Default_CloudWatch_Alarms_Topic",
            "name_prefix": "",
            "owner": "010028775188",
            "policy": "{\"Id\":\"__default_policy_ID\",\"Statement\":[{\"Action\":[\"SNS:GetTopicAttributes\",\"SNS:SetTopicAttributes\",\"SNS:AddPermission\",\"SNS:RemovePermission\",\"SNS:DeleteTopic\",\"SNS:Subscribe\",\"SNS:ListSubscriptionsByTopic\",\"SNS:Publish\"],\"Condition\":{\"StringEquals\":{\"AWS:SourceOwner\":\"010028775188\"}},\"Effect\":\"Allow\",\"Principal\":{\"AWS\":\"*\"},\"Resource\":\"arn:aws:sns:eu-central-1:010028775188:Default_CloudWatch_Alarms_Topic\",\"Sid\":\"__default_statement_ID\"}],\"Version\":\"2008-10-17\"}",
            "signature_version": 0,
            "sqs_failure_feedback_role_arn": "",
            "sqs_success_feedback_role_arn": "",
            "sqs_success_feedback_sample_rate": 0,
            "tags": null,
            "tags_all": {},
            "tracing_config": ""
          },
          "sensitive_attributes": [],
          "private": "bnVsbA=="
        }
      ]
    },
    {
      "module": "module.AutoScaling",
      "mode": "managed",
      "type": "random_shuffle",
      "name": "az_list",
      "provider": "provider[\"registry.terraform.io/hashicorp/random\"]",
      "instances": [
        {
          "schema_version": 0,
          "attributes": {
            "id": "-",
            "input": [
              "eu-central-1a",
              "eu-central-1b",
              "eu-central-1c"
            ],
            "keepers": null,
            "result": [
              "eu-central-1b",
              "eu-central-1c",
              "eu-central-1a"
            ],
            "result_count": null,
            "seed": null
          },
          "sensitive_attributes": [],
          "dependencies": [
            "module.AutoScaling.data.aws_availability_zones.available"
          ]
        }
      ]
    },
    {
      "module": "module.RDS",
      "mode": "managed",
      "type": "aws_db_instance",
      "name": "citatech-rds",
      "provider": "provider[\"registry.terraform.io/hashicorp/aws\"]",
      "instances": [
        {
          "schema_version": 2,
          "attributes": {
            "address": "citatech-database.cb42aocm8t1r.eu-central-1.rds.amazonaws.com",
            "allocated_storage": 50,
            "allow_major_version_upgrade": null,
            "apply_immediately": false,
            "arn": "arn:aws:rds:eu-central-1:010028775188:db:citatech-database",
            "auto_minor_version_upgrade": true,
            "availability_zone": "eu-central-1a",
            "backup_retention_period": 0,
            "backup_target": "region",
            "backup_window": "20:12-20:42",
            "blue_green_update": [],
            "ca_cert_identifier": "rds-ca-rsa2048-g1",
            "character_set_name": "",
            "copy_tags_to_snapshot": false,
            "custom_iam_instance_profile": "",
            "customer_owned_ip_enabled": false,
            "db_name": "citatechdb",
            "db_subnet_group_name": "citatech-db-subnet-group",
            "dedicated_log_volume": false,
            "delete_automated_backups": true,
            "deletion_protection": false,
            "domain": "",
            "domain_auth_secret_arn": "",
            "domain_dns_ips": null,
            "domain_fqdn": "",
            "domain_iam_role_name": "",
            "domain_ou": "",
            "enabled_cloudwatch_logs_exports": null,
            "endpoint": "citatech-database.cb42aocm8t1r.eu-central-1.rds.amazonaws.com:3306",
            "engine": "mysql",
            "engine_lifecycle_support": "open-source-rds-extended-support",
            "engine_version": "8.0.35",
            "engine_version_actual": "8.0.35",
            "final_snapshot_identifier": null,
            "hosted_zone_id": "Z1RLNUO7B9Q6NB",
            "iam_database_authentication_enabled": false,
            "id": "db-Q4FIKUTMULVJVUKXKPBQXTRX4I",
            "identifier": "citatech-database",
            "identifier_prefix": "",
            "instance_class": "db.t3.micro",
            "iops": 3000,
            "kms_key_id": "",
            "latest_restorable_time": "",
            "license_model": "general-public-license",
            "listener_endpoint": [],
            "maintenance_window": "fri:00:48-fri:01:18",
            "manage_master_user_password": null,
            "master_user_secret": [],
            "master_user_secret_kms_key_id": null,
            "max_allocated_storage": 0,
            "monitoring_interval": 0,
            "monitoring_role_arn": "",
            "multi_az": true,
            "nchar_character_set_name": "",
            "network_type": "IPV4",
            "option_group_name": "default:mysql-8-0",
            "parameter_group_name": "default.mysql8.0",
            "password": "devopspbl",
            "performance_insights_enabled": false,
            "performance_insights_kms_key_id": "",
            "performance_insights_retention_period": 0,
            "port": 3306,
            "publicly_accessible": false,
            "replica_mode": "",
            "replicas": [],
            "replicate_source_db": "",
            "resource_id": "db-Q4FIKUTMULVJVUKXKPBQXTRX4I",
            "restore_to_point_in_time": [],
            "s3_import": [],
            "skip_final_snapshot": true,
            "snapshot_identifier": null,
            "status": "available",
            "storage_encrypted": false,
            "storage_throughput": 125,
            "storage_type": "gp3",
            "tags": null,
            "tags_all": {},
            "timeouts": null,
            "timezone": "",
            "username": "citatech",
            "vpc_security_group_ids": [
              "sg-04537a8cd2302d08c"
            ]
          },
          "sensitive_attributes": [
            [
              {
                "type": "get_attr",
                "value": "password"
              }
            ]
          ],
          "private": "eyJlMmJmYjczMC1lY2FhLTExZTYtOGY4OC0zNDM2M2JjN2M0YzAiOnsiY3JlYXRlIjoyNDAwMDAwMDAwMDAwLCJkZWxldGUiOjM2MDAwMDAwMDAwMDAsInVwZGF0ZSI6NDgwMDAwMDAwMDAwMH0sInNjaGVtYV92ZXJzaW9uIjoiMiJ9",
          "dependencies": [
            "module.RDS.aws_db_subnet_group.citatech-db-subnet-group",
            "module.VPC.aws_subnet.private",
            "module.VPC.aws_vpc.main",
            "module.VPC.data.aws_availability_zones.available",
            "module.security.aws_security_group.bastion_sg",
            "module.security.aws_security_group.datalayer-sg",
            "module.security.aws_security_group.ext-alb-sg",
            "module.security.aws_security_group.int-alb-sg",
            "module.security.aws_security_group.nginx-sg",
            "module.security.aws_security_group.webserver-sg"
          ]
        }
      ]
    },
    {
      "module": "module.RDS",
      "mode": "managed",
      "type": "aws_db_subnet_group",
      "name": "citatech-db-subnet-group",
      "provider": "provider[\"registry.terraform.io/hashicorp/aws\"]",
      "instances": [
        {
          "schema_version": 0,
          "attributes": {
            "arn": "arn:aws:rds:eu-central-1:010028775188:subgrp:citatech-db-subnet-group",
            "description": "Managed by Terraform",
            "id": "citatech-db-subnet-group",
            "name": "citatech-db-subnet-group",
            "name_prefix": "",
            "subnet_ids": [
              "subnet-05923c4751a495f41",
              "subnet-05b2271e3afa35e38"
            ],
            "supported_network_types": [
              "IPV4"
            ],
            "tags": {
              "Name": "citatech-rds"
            },
            "tags_all": {
              "Name": "citatech-rds"
            },
            "vpc_id": "vpc-04b34e64823bfb065"
          },
          "sensitive_attributes": [],
          "private": "bnVsbA==",
          "dependencies": [
            "module.VPC.aws_subnet.private",
            "module.VPC.aws_vpc.main",
            "module.VPC.data.aws_availability_zones.available"
          ]
        }
      ]
    },
    {
      "module": "module.VPC",
      "mode": "data",
      "type": "aws_availability_zones",
      "name": "available",
      "provider": "module.VPC.provider[\"registry.terraform.io/hashicorp/aws\"]",
      "instances": [
        {
          "schema_version": 0,
          "attributes": {
            "all_availability_zones": null,
            "exclude_names": null,
            "exclude_zone_ids": null,
            "filter": null,
            "group_names": [
              "eu-central-1"
            ],
            "id": "eu-central-1",
            "names": [
              "eu-central-1a",
              "eu-central-1b",
              "eu-central-1c"
            ],
            "state": "available",
            "timeouts": null,
            "zone_ids": [
              "euc1-az2",
              "euc1-az3",
              "euc1-az1"
            ]
          },
          "sensitive_attributes": []
        }
      ]
    },
    {
      "module": "module.VPC",
      "mode": "managed",
      "type": "aws_eip",
      "name": "nat_eip",
      "provider": "module.VPC.provider[\"registry.terraform.io/hashicorp/aws\"]",
      "instances": [
        {
          "schema_version": 0,
          "attributes": {
            "address": null,
            "allocation_id": "eipalloc-0d3b53534f317948a",
            "arn": "arn:aws:ec2:eu-central-1:010028775188:elastic-ip/eipalloc-0d3b53534f317948a",
            "associate_with_private_ip": null,
            "association_id": "",
            "carrier_ip": "",
            "customer_owned_ip": "",
            "customer_owned_ipv4_pool": "",
            "domain": "vpc",
            "id": "eipalloc-0d3b53534f317948a",
            "instance": "",
            "network_border_group": "eu-central-1",
            "network_interface": "",
            "private_dns": null,
            "private_ip": "",
            "ptr_record": "",
            "public_dns": "ec2-35-159-188-162.eu-central-1.compute.amazonaws.com",
            "public_ip": "35.159.188.162",
            "public_ipv4_pool": "amazon",
            "tags": {
              "Name": "ACS-EIP-true"
            },
            "tags_all": {
              "Name": "ACS-EIP-true"
            },
            "timeouts": null,
            "vpc": true
          },
          "sensitive_attributes": [],
          "private": "eyJlMmJmYjczMC1lY2FhLTExZTYtOGY4OC0zNDM2M2JjN2M0YzAiOnsiZGVsZXRlIjoxODAwMDAwMDAwMDAsInJlYWQiOjkwMDAwMDAwMDAwMCwidXBkYXRlIjozMDAwMDAwMDAwMDB9fQ==",
          "dependencies": [
            "module.VPC.aws_internet_gateway.ig",
            "module.VPC.aws_vpc.main"
          ]
        }
      ]
    },
    {
      "module": "module.VPC",
      "mode": "managed",
      "type": "aws_iam_instance_profile",
      "name": "ip",
      "provider": "module.VPC.provider[\"registry.terraform.io/hashicorp/aws\"]",
      "instances": [
        {
          "schema_version": 0,
          "attributes": {
            "arn": "arn:aws:iam::010028775188:instance-profile/aws_instance_profile_test",
            "create_date": "2024-08-09T16:23:22Z",
            "id": "aws_instance_profile_test",
            "name": "aws_instance_profile_test",
            "name_prefix": "",
            "path": "/",
            "role": "ec2_instance_role",
            "tags": null,
            "tags_all": {},
            "unique_id": "AIPAQEVOC64KHDMDXP2CR"
          },
          "sensitive_attributes": [],
          "private": "bnVsbA==",
          "dependencies": [
            "module.VPC.aws_iam_role.ec2_instance_role"
          ],
          "create_before_destroy": true
        }
      ]
    },
    {
      "module": "module.VPC",
      "mode": "managed",
      "type": "aws_iam_policy",
      "name": "policy",
      "provider": "module.VPC.provider[\"registry.terraform.io/hashicorp/aws\"]",
      "instances": [
        {
          "schema_version": 0,
          "attributes": {
            "arn": "arn:aws:iam::010028775188:policy/ec2_instance_policy",
            "attachment_count": 0,
            "description": "A test policy",
            "id": "arn:aws:iam::010028775188:policy/ec2_instance_policy",
            "name": "ec2_instance_policy",
            "name_prefix": "",
            "path": "/",
            "policy": "{\"Statement\":[{\"Action\":[\"ec2:Describe*\"],\"Effect\":\"Allow\",\"Resource\":\"*\"}],\"Version\":\"2012-10-17\"}",
            "policy_id": "ANPAQEVOC64KMLKEVZ2TK",
            "tags": {
              "Name": "aws assume policy"
            },
            "tags_all": {
              "Name": "aws assume policy"
            }
          },
          "sensitive_attributes": [],
          "private": "bnVsbA=="
        }
      ]
    },
    {
      "module": "module.VPC",
      "mode": "managed",
      "type": "aws_iam_role",
      "name": "ec2_instance_role",
      "provider": "module.VPC.provider[\"registry.terraform.io/hashicorp/aws\"]",
      "instances": [
        {
          "schema_version": 0,
          "attributes": {
            "arn": "arn:aws:iam::010028775188:role/ec2_instance_role",
            "assume_role_policy": "{\"Statement\":[{\"Action\":\"sts:AssumeRole\",\"Effect\":\"Allow\",\"Principal\":{\"Service\":\"ec2.amazonaws.com\"},\"Sid\":\"\"}],\"Version\":\"2012-10-17\"}",
            "create_date": "2024-08-09T16:23:21Z",
            "description": "",
            "force_detach_policies": false,
            "id": "ec2_instance_role",
            "inline_policy": [],
            "managed_policy_arns": [],
            "max_session_duration": 3600,
            "name": "ec2_instance_role",
            "name_prefix": "",
            "path": "/",
            "permissions_boundary": "",
            "tags": {
              "Name": "aws assume role"
            },
            "tags_all": {
              "Name": "aws assume role"
            },
            "unique_id": "AROAQEVOC64KM7ASDDJKS"
          },
          "sensitive_attributes": [],
          "private": "bnVsbA==",
          "create_before_destroy": true
        }
      ]
    },
    {
      "module": "module.VPC",
      "mode": "managed",
      "type": "aws_iam_role_policy_attachment",
      "name": "test-attach",
      "provider": "module.VPC.provider[\"registry.terraform.io/hashicorp/aws\"]",
      "instances": [
        {
          "schema_version": 0,
          "attributes": {
            "id": "ec2_instance_role-20240809162323035400000001",
            "policy_arn": "arn:aws:iam::010028775188:policy/ec2_instance_policy",
            "role": "ec2_instance_role"
          },
          "sensitive_attributes": [],
          "private": "bnVsbA==",
          "dependencies": [
            "module.VPC.aws_iam_policy.policy",
            "module.VPC.aws_iam_role.ec2_instance_role"
          ]
        }
      ]
    },
    {
      "module": "module.VPC",
      "mode": "managed",
      "type": "aws_internet_gateway",
      "name": "ig",
      "provider": "module.VPC.provider[\"registry.terraform.io/hashicorp/aws\"]",
      "instances": [
        {
          "schema_version": 0,
          "attributes": {
            "arn": "arn:aws:ec2:eu-central-1:010028775188:internet-gateway/igw-0cc06dba14bb93fc0",
            "id": "igw-0cc06dba14bb93fc0",
            "owner_id": "010028775188",
            "tags": {
              "Name": "vpc-04b34e64823bfb065-IG"
            },
            "tags_all": {
              "Name": "vpc-04b34e64823bfb065-IG"
            },
            "timeouts": null,
            "vpc_id": "vpc-04b34e64823bfb065"
          },
          "sensitive_attributes": [],
          "private": "eyJlMmJmYjczMC1lY2FhLTExZTYtOGY4OC0zNDM2M2JjN2M0YzAiOnsiY3JlYXRlIjoxMjAwMDAwMDAwMDAwLCJkZWxldGUiOjEyMDAwMDAwMDAwMDAsInVwZGF0ZSI6MTIwMDAwMDAwMDAwMH19",
          "dependencies": [
            "module.VPC.aws_vpc.main"
          ]
        }
      ]
    },
    {
      "module": "module.VPC",
      "mode": "managed",
      "type": "aws_nat_gateway",
      "name": "nat",
      "provider": "module.VPC.provider[\"registry.terraform.io/hashicorp/aws\"]",
      "instances": [
        {
          "schema_version": 0,
          "attributes": {
            "allocation_id": "eipalloc-0d3b53534f317948a",
            "association_id": "eipassoc-080be7eccc053a460",
            "connectivity_type": "public",
            "id": "nat-05195ca313924d58c",
            "network_interface_id": "eni-00534bbf1070d1511",
            "private_ip": "172.16.0.163",
            "public_ip": "35.159.188.162",
            "secondary_allocation_ids": null,
            "secondary_private_ip_address_count": 0,
            "secondary_private_ip_addresses": [],
            "subnet_id": "subnet-0756744d5fc499fa7",
            "tags": {
              "Name": "ACS-Nat-true"
            },
            "tags_all": {
              "Name": "ACS-Nat-true"
            },
            "timeouts": null
          },
          "sensitive_attributes": [],
          "private": "eyJlMmJmYjczMC1lY2FhLTExZTYtOGY4OC0zNDM2M2JjN2M0YzAiOnsiY3JlYXRlIjo2MDAwMDAwMDAwMDAsImRlbGV0ZSI6MTgwMDAwMDAwMDAwMCwidXBkYXRlIjo2MDAwMDAwMDAwMDB9fQ==",
          "dependencies": [
            "module.VPC.aws_eip.nat_eip",
            "module.VPC.aws_internet_gateway.ig",
            "module.VPC.aws_subnet.public",
            "module.VPC.aws_vpc.main",
            "module.VPC.data.aws_availability_zones.available"
          ]
        }
      ]
    },
    {
      "module": "module.VPC",
      "mode": "managed",
      "type": "aws_route",
      "name": "public-rtb-route",
      "provider": "module.VPC.provider[\"registry.terraform.io/hashicorp/aws\"]",
      "instances": [
        {
          "schema_version": 0,
          "attributes": {
            "carrier_gateway_id": "",
            "core_network_arn": "",
            "destination_cidr_block": "0.0.0.0/0",
            "destination_ipv6_cidr_block": "",
            "destination_prefix_list_id": "",
            "egress_only_gateway_id": "",
            "gateway_id": "igw-0cc06dba14bb93fc0",
            "id": "r-rtb-09f740ddac67863c31080289494",
            "instance_id": "",
            "instance_owner_id": "",
            "local_gateway_id": "",
            "nat_gateway_id": "",
            "network_interface_id": "",
            "origin": "CreateRoute",
            "route_table_id": "rtb-09f740ddac67863c3",
            "state": "active",
            "timeouts": null,
            "transit_gateway_id": "",
            "vpc_endpoint_id": "",
            "vpc_peering_connection_id": ""
          },
          "sensitive_attributes": [],
          "private": "eyJlMmJmYjczMC1lY2FhLTExZTYtOGY4OC0zNDM2M2JjN2M0YzAiOnsiY3JlYXRlIjozMDAwMDAwMDAwMDAsImRlbGV0ZSI6MzAwMDAwMDAwMDAwLCJ1cGRhdGUiOjEyMDAwMDAwMDAwMH19",
          "dependencies": [
            "module.VPC.aws_internet_gateway.ig",
            "module.VPC.aws_route_table.public-rtb",
            "module.VPC.aws_vpc.main"
          ]
        }
      ]
    },
    {
      "module": "module.VPC",
      "mode": "managed",
      "type": "aws_route_table",
      "name": "private-rtb",
      "provider": "module.VPC.provider[\"registry.terraform.io/hashicorp/aws\"]",
      "instances": [
        {
          "schema_version": 0,
          "attributes": {
            "arn": "arn:aws:ec2:eu-central-1:010028775188:route-table/rtb-04011c080af5c2443",
            "id": "rtb-04011c080af5c2443",
            "owner_id": "010028775188",
            "propagating_vgws": [],
            "route": [],
            "tags": {
              "Name": "ACS-Private-Route-Table"
            },
            "tags_all": {
              "Name": "ACS-Private-Route-Table"
            },
            "timeouts": null,
            "vpc_id": "vpc-04b34e64823bfb065"
          },
          "sensitive_attributes": [],
          "private": "eyJlMmJmYjczMC1lY2FhLTExZTYtOGY4OC0zNDM2M2JjN2M0YzAiOnsiY3JlYXRlIjozMDAwMDAwMDAwMDAsImRlbGV0ZSI6MzAwMDAwMDAwMDAwLCJ1cGRhdGUiOjEyMDAwMDAwMDAwMH19",
          "dependencies": [
            "module.VPC.aws_vpc.main"
          ]
        }
      ]
    },
    {
      "module": "module.VPC",
      "mode": "managed",
      "type": "aws_route_table",
      "name": "public-rtb",
      "provider": "module.VPC.provider[\"registry.terraform.io/hashicorp/aws\"]",
      "instances": [
        {
          "schema_version": 0,
          "attributes": {
            "arn": "arn:aws:ec2:eu-central-1:010028775188:route-table/rtb-09f740ddac67863c3",
            "id": "rtb-09f740ddac67863c3",
            "owner_id": "010028775188",
            "propagating_vgws": [],
            "route": [],
            "tags": {
              "Name": "ACS-Public-Route-Table"
            },
            "tags_all": {
              "Name": "ACS-Public-Route-Table"
            },
            "timeouts": null,
            "vpc_id": "vpc-04b34e64823bfb065"
          },
          "sensitive_attributes": [],
          "private": "eyJlMmJmYjczMC1lY2FhLTExZTYtOGY4OC0zNDM2M2JjN2M0YzAiOnsiY3JlYXRlIjozMDAwMDAwMDAwMDAsImRlbGV0ZSI6MzAwMDAwMDAwMDAwLCJ1cGRhdGUiOjEyMDAwMDAwMDAwMH19",
          "dependencies": [
            "module.VPC.aws_vpc.main"
          ]
        }
      ]
    },
    {
      "module": "module.VPC",
      "mode": "managed",
      "type": "aws_route_table_association",
      "name": "private-subnets-assoc",
      "provider": "module.VPC.provider[\"registry.terraform.io/hashicorp/aws\"]",
      "instances": [
        {
          "index_key": 0,
          "schema_version": 0,
          "attributes": {
            "gateway_id": "",
            "id": "rtbassoc-08b255e1bc3375f85",
            "route_table_id": "rtb-04011c080af5c2443",
            "subnet_id": "subnet-032cf410cb4df126c",
            "timeouts": null
          },
          "sensitive_attributes": [],
          "private": "eyJlMmJmYjczMC1lY2FhLTExZTYtOGY4OC0zNDM2M2JjN2M0YzAiOnsiY3JlYXRlIjozMDAwMDAwMDAwMDAsImRlbGV0ZSI6MzAwMDAwMDAwMDAwLCJ1cGRhdGUiOjEyMDAwMDAwMDAwMH19",
          "dependencies": [
            "module.VPC.aws_route_table.private-rtb",
            "module.VPC.aws_subnet.private",
            "module.VPC.aws_vpc.main",
            "module.VPC.data.aws_availability_zones.available"
          ]
        },
        {
          "index_key": 1,
          "schema_version": 0,
          "attributes": {
            "gateway_id": "",
            "id": "rtbassoc-0a7a47f0615d63a18",
            "route_table_id": "rtb-04011c080af5c2443",
            "subnet_id": "subnet-0aa49d16844dfff5b",
            "timeouts": null
          },
          "sensitive_attributes": [],
          "private": "eyJlMmJmYjczMC1lY2FhLTExZTYtOGY4OC0zNDM2M2JjN2M0YzAiOnsiY3JlYXRlIjozMDAwMDAwMDAwMDAsImRlbGV0ZSI6MzAwMDAwMDAwMDAwLCJ1cGRhdGUiOjEyMDAwMDAwMDAwMH19",
          "dependencies": [
            "module.VPC.aws_route_table.private-rtb",
            "module.VPC.aws_subnet.private",
            "module.VPC.aws_vpc.main",
            "module.VPC.data.aws_availability_zones.available"
          ]
        },
        {
          "index_key": 2,
          "schema_version": 0,
          "attributes": {
            "gateway_id": "",
            "id": "rtbassoc-0a2c3f0dc093665dd",
            "route_table_id": "rtb-04011c080af5c2443",
            "subnet_id": "subnet-05923c4751a495f41",
            "timeouts": null
          },
          "sensitive_attributes": [],
          "private": "eyJlMmJmYjczMC1lY2FhLTExZTYtOGY4OC0zNDM2M2JjN2M0YzAiOnsiY3JlYXRlIjozMDAwMDAwMDAwMDAsImRlbGV0ZSI6MzAwMDAwMDAwMDAwLCJ1cGRhdGUiOjEyMDAwMDAwMDAwMH19",
          "dependencies": [
            "module.VPC.aws_route_table.private-rtb",
            "module.VPC.aws_subnet.private",
            "module.VPC.aws_vpc.main",
            "module.VPC.data.aws_availability_zones.available"
          ]
        },
        {
          "index_key": 3,
          "schema_version": 0,
          "attributes": {
            "gateway_id": "",
            "id": "rtbassoc-075391da70b1a652e",
            "route_table_id": "rtb-04011c080af5c2443",
            "subnet_id": "subnet-05b2271e3afa35e38",
            "timeouts": null
          },
          "sensitive_attributes": [],
          "private": "eyJlMmJmYjczMC1lY2FhLTExZTYtOGY4OC0zNDM2M2JjN2M0YzAiOnsiY3JlYXRlIjozMDAwMDAwMDAwMDAsImRlbGV0ZSI6MzAwMDAwMDAwMDAwLCJ1cGRhdGUiOjEyMDAwMDAwMDAwMH19",
          "dependencies": [
            "module.VPC.aws_route_table.private-rtb",
            "module.VPC.aws_subnet.private",
            "module.VPC.aws_vpc.main",
            "module.VPC.data.aws_availability_zones.available"
          ]
        }
      ]
    },
    {
      "module": "module.VPC",
      "mode": "managed",
      "type": "aws_route_table_association",
      "name": "public-subnets-assoc",
      "provider": "module.VPC.provider[\"registry.terraform.io/hashicorp/aws\"]",
      "instances": [
        {
          "index_key": 0,
          "schema_version": 0,
          "attributes": {
            "gateway_id": "",
            "id": "rtbassoc-0e658b516238bd9b3",
            "route_table_id": "rtb-09f740ddac67863c3",
            "subnet_id": "subnet-0756744d5fc499fa7",
            "timeouts": null
          },
          "sensitive_attributes": [],
          "private": "eyJlMmJmYjczMC1lY2FhLTExZTYtOGY4OC0zNDM2M2JjN2M0YzAiOnsiY3JlYXRlIjozMDAwMDAwMDAwMDAsImRlbGV0ZSI6MzAwMDAwMDAwMDAwLCJ1cGRhdGUiOjEyMDAwMDAwMDAwMH19",
          "dependencies": [
            "module.VPC.aws_route_table.public-rtb",
            "module.VPC.aws_subnet.public",
            "module.VPC.aws_vpc.main",
            "module.VPC.data.aws_availability_zones.available"
          ]
        },
        {
          "index_key": 1,
          "schema_version": 0,
          "attributes": {
            "gateway_id": "",
            "id": "rtbassoc-02a3c8beae044f9b1",
            "route_table_id": "rtb-09f740ddac67863c3",
            "subnet_id": "subnet-013e1d77e3b4eaa7e",
            "timeouts": null
          },
          "sensitive_attributes": [],
          "private": "eyJlMmJmYjczMC1lY2FhLTExZTYtOGY4OC0zNDM2M2JjN2M0YzAiOnsiY3JlYXRlIjozMDAwMDAwMDAwMDAsImRlbGV0ZSI6MzAwMDAwMDAwMDAwLCJ1cGRhdGUiOjEyMDAwMDAwMDAwMH19",
          "dependencies": [
            "module.VPC.aws_route_table.public-rtb",
            "module.VPC.aws_subnet.public",
            "module.VPC.aws_vpc.main",
            "module.VPC.data.aws_availability_zones.available"
          ]
        }
      ]
    },
    {
      "module": "module.VPC",
      "mode": "managed",
      "type": "aws_subnet",
      "name": "private",
      "provider": "module.VPC.provider[\"registry.terraform.io/hashicorp/aws\"]",
      "instances": [
        {
          "index_key": 0,
          "schema_version": 1,
          "attributes": {
            "arn": "arn:aws:ec2:eu-central-1:010028775188:subnet/subnet-032cf410cb4df126c",
            "assign_ipv6_address_on_creation": false,
            "availability_zone": "eu-central-1a",
            "availability_zone_id": "euc1-az2",
            "cidr_block": "172.16.2.0/24",
            "customer_owned_ipv4_pool": "",
            "enable_dns64": false,
            "enable_lni_at_device_index": 0,
            "enable_resource_name_dns_a_record_on_launch": false,
            "enable_resource_name_dns_aaaa_record_on_launch": false,
            "id": "subnet-032cf410cb4df126c",
            "ipv6_cidr_block": "",
            "ipv6_cidr_block_association_id": "",
            "ipv6_native": false,
            "map_customer_owned_ip_on_launch": false,
            "map_public_ip_on_launch": false,
            "outpost_arn": "",
            "owner_id": "010028775188",
            "private_dns_hostname_type_on_launch": "ip-name",
            "tags": {
              "Name": "ACS-PrivateSubnet-1"
            },
            "tags_all": {
              "Name": "ACS-PrivateSubnet-1"
            },
            "timeouts": null,
            "vpc_id": "vpc-04b34e64823bfb065"
          },
          "sensitive_attributes": [],
          "private": "eyJlMmJmYjczMC1lY2FhLTExZTYtOGY4OC0zNDM2M2JjN2M0YzAiOnsiY3JlYXRlIjo2MDAwMDAwMDAwMDAsImRlbGV0ZSI6MTIwMDAwMDAwMDAwMH0sInNjaGVtYV92ZXJzaW9uIjoiMSJ9",
          "dependencies": [
            "module.VPC.aws_vpc.main",
            "module.VPC.data.aws_availability_zones.available"
          ]
        },
        {
          "index_key": 1,
          "schema_version": 1,
          "attributes": {
            "arn": "arn:aws:ec2:eu-central-1:010028775188:subnet/subnet-0aa49d16844dfff5b",
            "assign_ipv6_address_on_creation": false,
            "availability_zone": "eu-central-1b",
            "availability_zone_id": "euc1-az3",
            "cidr_block": "172.16.3.0/24",
            "customer_owned_ipv4_pool": "",
            "enable_dns64": false,
            "enable_lni_at_device_index": 0,
            "enable_resource_name_dns_a_record_on_launch": false,
            "enable_resource_name_dns_aaaa_record_on_launch": false,
            "id": "subnet-0aa49d16844dfff5b",
            "ipv6_cidr_block": "",
            "ipv6_cidr_block_association_id": "",
            "ipv6_native": false,
            "map_customer_owned_ip_on_launch": false,
            "map_public_ip_on_launch": false,
            "outpost_arn": "",
            "owner_id": "010028775188",
            "private_dns_hostname_type_on_launch": "ip-name",
            "tags": {
              "Name": "ACS-PrivateSubnet-2"
            },
            "tags_all": {
              "Name": "ACS-PrivateSubnet-2"
            },
            "timeouts": null,
            "vpc_id": "vpc-04b34e64823bfb065"
          },
          "sensitive_attributes": [],
          "private": "eyJlMmJmYjczMC1lY2FhLTExZTYtOGY4OC0zNDM2M2JjN2M0YzAiOnsiY3JlYXRlIjo2MDAwMDAwMDAwMDAsImRlbGV0ZSI6MTIwMDAwMDAwMDAwMH0sInNjaGVtYV92ZXJzaW9uIjoiMSJ9",
          "dependencies": [
            "module.VPC.aws_vpc.main",
            "module.VPC.data.aws_availability_zones.available"
          ]
        },
        {
          "index_key": 2,
          "schema_version": 1,
          "attributes": {
            "arn": "arn:aws:ec2:eu-central-1:010028775188:subnet/subnet-05923c4751a495f41",
            "assign_ipv6_address_on_creation": false,
            "availability_zone": "eu-central-1a",
            "availability_zone_id": "euc1-az2",
            "cidr_block": "172.16.4.0/24",
            "customer_owned_ipv4_pool": "",
            "enable_dns64": false,
            "enable_lni_at_device_index": 0,
            "enable_resource_name_dns_a_record_on_launch": false,
            "enable_resource_name_dns_aaaa_record_on_launch": false,
            "id": "subnet-05923c4751a495f41",
            "ipv6_cidr_block": "",
            "ipv6_cidr_block_association_id": "",
            "ipv6_native": false,
            "map_customer_owned_ip_on_launch": false,
            "map_public_ip_on_launch": false,
            "outpost_arn": "",
            "owner_id": "010028775188",
            "private_dns_hostname_type_on_launch": "ip-name",
            "tags": {
              "Name": "ACS-PrivateSubnet-3"
            },
            "tags_all": {
              "Name": "ACS-PrivateSubnet-3"
            },
            "timeouts": null,
            "vpc_id": "vpc-04b34e64823bfb065"
          },
          "sensitive_attributes": [],
          "private": "eyJlMmJmYjczMC1lY2FhLTExZTYtOGY4OC0zNDM2M2JjN2M0YzAiOnsiY3JlYXRlIjo2MDAwMDAwMDAwMDAsImRlbGV0ZSI6MTIwMDAwMDAwMDAwMH0sInNjaGVtYV92ZXJzaW9uIjoiMSJ9",
          "dependencies": [
            "module.VPC.aws_vpc.main",
            "module.VPC.data.aws_availability_zones.available"
          ]
        },
        {
          "index_key": 3,
          "schema_version": 1,
          "attributes": {
            "arn": "arn:aws:ec2:eu-central-1:010028775188:subnet/subnet-05b2271e3afa35e38",
            "assign_ipv6_address_on_creation": false,
            "availability_zone": "eu-central-1b",
            "availability_zone_id": "euc1-az3",
            "cidr_block": "172.16.5.0/24",
            "customer_owned_ipv4_pool": "",
            "enable_dns64": false,
            "enable_lni_at_device_index": 0,
            "enable_resource_name_dns_a_record_on_launch": false,
            "enable_resource_name_dns_aaaa_record_on_launch": false,
            "id": "subnet-05b2271e3afa35e38",
            "ipv6_cidr_block": "",
            "ipv6_cidr_block_association_id": "",
            "ipv6_native": false,
            "map_customer_owned_ip_on_launch": false,
            "map_public_ip_on_launch": false,
            "outpost_arn": "",
            "owner_id": "010028775188",
            "private_dns_hostname_type_on_launch": "ip-name",
            "tags": {
              "Name": "ACS-PrivateSubnet-4"
            },
            "tags_all": {
              "Name": "ACS-PrivateSubnet-4"
            },
            "timeouts": null,
            "vpc_id": "vpc-04b34e64823bfb065"
          },
          "sensitive_attributes": [],
          "private": "eyJlMmJmYjczMC1lY2FhLTExZTYtOGY4OC0zNDM2M2JjN2M0YzAiOnsiY3JlYXRlIjo2MDAwMDAwMDAwMDAsImRlbGV0ZSI6MTIwMDAwMDAwMDAwMH0sInNjaGVtYV92ZXJzaW9uIjoiMSJ9",
          "dependencies": [
            "module.VPC.aws_vpc.main",
            "module.VPC.data.aws_availability_zones.available"
          ]
        }
      ]
    },
    {
      "module": "module.VPC",
      "mode": "managed",
      "type": "aws_subnet",
      "name": "public",
      "provider": "module.VPC.provider[\"registry.terraform.io/hashicorp/aws\"]",
      "instances": [
        {
          "index_key": 0,
          "schema_version": 1,
          "attributes": {
            "arn": "arn:aws:ec2:eu-central-1:010028775188:subnet/subnet-0756744d5fc499fa7",
            "assign_ipv6_address_on_creation": false,
            "availability_zone": "eu-central-1a",
            "availability_zone_id": "euc1-az2",
            "cidr_block": "172.16.0.0/24",
            "customer_owned_ipv4_pool": "",
            "enable_dns64": false,
            "enable_lni_at_device_index": 0,
            "enable_resource_name_dns_a_record_on_launch": false,
            "enable_resource_name_dns_aaaa_record_on_launch": false,
            "id": "subnet-0756744d5fc499fa7",
            "ipv6_cidr_block": "",
            "ipv6_cidr_block_association_id": "",
            "ipv6_native": false,
            "map_customer_owned_ip_on_launch": false,
            "map_public_ip_on_launch": true,
            "outpost_arn": "",
            "owner_id": "010028775188",
            "private_dns_hostname_type_on_launch": "ip-name",
            "tags": {
              "Name": "ACS-PublicSubnet-0"
            },
            "tags_all": {
              "Name": "ACS-PublicSubnet-0"
            },
            "timeouts": null,
            "vpc_id": "vpc-04b34e64823bfb065"
          },
          "sensitive_attributes": [],
          "private": "eyJlMmJmYjczMC1lY2FhLTExZTYtOGY4OC0zNDM2M2JjN2M0YzAiOnsiY3JlYXRlIjo2MDAwMDAwMDAwMDAsImRlbGV0ZSI6MTIwMDAwMDAwMDAwMH0sInNjaGVtYV92ZXJzaW9uIjoiMSJ9",
          "dependencies": [
            "module.VPC.aws_vpc.main",
            "module.VPC.data.aws_availability_zones.available"
          ]
        },
        {
          "index_key": 1,
          "schema_version": 1,
          "attributes": {
            "arn": "arn:aws:ec2:eu-central-1:010028775188:subnet/subnet-013e1d77e3b4eaa7e",
            "assign_ipv6_address_on_creation": false,
            "availability_zone": "eu-central-1b",
            "availability_zone_id": "euc1-az3",
            "cidr_block": "172.16.1.0/24",
            "customer_owned_ipv4_pool": "",
            "enable_dns64": false,
            "enable_lni_at_device_index": 0,
            "enable_resource_name_dns_a_record_on_launch": false,
            "enable_resource_name_dns_aaaa_record_on_launch": false,
            "id": "subnet-013e1d77e3b4eaa7e",
            "ipv6_cidr_block": "",
            "ipv6_cidr_block_association_id": "",
            "ipv6_native": false,
            "map_customer_owned_ip_on_launch": false,
            "map_public_ip_on_launch": true,
            "outpost_arn": "",
            "owner_id": "010028775188",
            "private_dns_hostname_type_on_launch": "ip-name",
            "tags": {
              "Name": "ACS-PublicSubnet-1"
            },
            "tags_all": {
              "Name": "ACS-PublicSubnet-1"
            },
            "timeouts": null,
            "vpc_id": "vpc-04b34e64823bfb065"
          },
          "sensitive_attributes": [],
          "private": "eyJlMmJmYjczMC1lY2FhLTExZTYtOGY4OC0zNDM2M2JjN2M0YzAiOnsiY3JlYXRlIjo2MDAwMDAwMDAwMDAsImRlbGV0ZSI6MTIwMDAwMDAwMDAwMH0sInNjaGVtYV92ZXJzaW9uIjoiMSJ9",
          "dependencies": [
            "module.VPC.aws_vpc.main",
            "module.VPC.data.aws_availability_zones.available"
          ]
        }
      ]
    },
    {
      "module": "module.VPC",
      "mode": "managed",
      "type": "aws_vpc",
      "name": "main",
      "provider": "module.VPC.provider[\"registry.terraform.io/hashicorp/aws\"]",
      "instances": [
        {
          "schema_version": 1,
          "attributes": {
            "arn": "arn:aws:ec2:eu-central-1:010028775188:vpc/vpc-04b34e64823bfb065",
            "assign_generated_ipv6_cidr_block": false,
            "cidr_block": "172.16.0.0/16",
            "default_network_acl_id": "acl-0758e0a8d0aa750fa",
            "default_route_table_id": "rtb-008c77f04c3a8b68a",
            "default_security_group_id": "sg-0b85744d9273a5796",
            "dhcp_options_id": "dopt-0220913bddc9b4a1c",
            "enable_dns_hostnames": true,
            "enable_dns_support": true,
            "enable_network_address_usage_metrics": false,
            "id": "vpc-04b34e64823bfb065",
            "instance_tenancy": "default",
            "ipv4_ipam_pool_id": null,
            "ipv4_netmask_length": null,
            "ipv6_association_id": "",
            "ipv6_cidr_block": "",
            "ipv6_cidr_block_network_border_group": "",
            "ipv6_ipam_pool_id": "",
            "ipv6_netmask_length": 0,
            "main_route_table_id": "rtb-008c77f04c3a8b68a",
            "owner_id": "010028775188",
            "tags": {
              "Name": "ACS-VPC"
            },
            "tags_all": {
              "Name": "ACS-VPC"
            }
          },
          "sensitive_attributes": [],
          "private": "eyJzY2hlbWFfdmVyc2lvbiI6IjEifQ==",
          "create_before_destroy": true
        }
      ]
    },
    {
      "module": "module.compute",
      "mode": "managed",
      "type": "aws_instance",
      "name": "Jenkins",
      "provider": "provider[\"registry.terraform.io/hashicorp/aws\"]",
      "instances": [
        {
          "schema_version": 1,
          "attributes": {
            "ami": "ami-007c3072df8eb6584",
            "arn": "arn:aws:ec2:eu-central-1:010028775188:instance/i-0d0a3e4abb93878a5",
            "associate_public_ip_address": true,
            "availability_zone": "eu-central-1a",
            "capacity_reservation_specification": [
              {
                "capacity_reservation_preference": "open",
                "capacity_reservation_target": []
              }
            ],
            "cpu_core_count": 1,
            "cpu_options": [
              {
                "amd_sev_snp": "",
                "core_count": 1,
                "threads_per_core": 1
              }
            ],
            "cpu_threads_per_core": 1,
            "credit_specification": [
              {
                "cpu_credits": "standard"
              }
            ],
            "disable_api_stop": false,
            "disable_api_termination": false,
            "ebs_block_device": [],
            "ebs_optimized": false,
            "enclave_options": [
              {
                "enabled": false
              }
            ],
            "ephemeral_block_device": [],
            "get_password_data": false,
            "hibernation": false,
            "host_id": "",
            "host_resource_group_arn": null,
            "iam_instance_profile": "",
            "id": "i-0d0a3e4abb93878a5",
            "instance_initiated_shutdown_behavior": "stop",
            "instance_lifecycle": "",
            "instance_market_options": [],
            "instance_state": "running",
            "instance_type": "t2.small",
            "ipv6_address_count": 0,
            "ipv6_addresses": [],
            "key_name": "ami",
            "launch_template": [],
            "maintenance_options": [
              {
                "auto_recovery": "default"
              }
            ],
            "metadata_options": [
              {
                "http_endpoint": "enabled",
                "http_protocol_ipv6": "disabled",
                "http_put_response_hop_limit": 1,
                "http_tokens": "optional",
                "instance_metadata_tags": "disabled"
              }
            ],
            "monitoring": false,
            "network_interface": [],
            "outpost_arn": "",
            "password_data": "",
            "placement_group": "",
            "placement_partition_number": 0,
            "primary_network_interface_id": "eni-0a33a01531a26368c",
            "private_dns": "ip-172-16-0-70.eu-central-1.compute.internal",
            "private_dns_name_options": [
              {
                "enable_resource_name_dns_a_record": false,
                "enable_resource_name_dns_aaaa_record": false,
                "hostname_type": "ip-name"
              }
            ],
            "private_ip": "172.16.0.70",
            "public_dns": "ec2-3-79-60-94.eu-central-1.compute.amazonaws.com",
            "public_ip": "3.79.60.94",
            "root_block_device": [
              {
                "delete_on_termination": true,
                "device_name": "/dev/sda1",
                "encrypted": false,
                "iops": 3000,
                "kms_key_id": "",
                "tags": {},
                "tags_all": {},
                "throughput": 125,
                "volume_id": "vol-023b0266ab56bd9a0",
                "volume_size": 10,
                "volume_type": "gp3"
              }
            ],
            "secondary_private_ips": [],
            "security_groups": [],
            "source_dest_check": true,
            "spot_instance_request_id": "",
            "subnet_id": "subnet-0756744d5fc499fa7",
            "tags": {
              "Name": "citatech-Jenkins"
            },
            "tags_all": {
              "Name": "citatech-Jenkins"
            },
            "tenancy": "default",
            "timeouts": null,
            "user_data": null,
            "user_data_base64": null,
            "user_data_replace_on_change": false,
            "volume_tags": null,
            "vpc_security_group_ids": [
              "sg-05d4a6c66304d4e7e"
            ]
          },
          "sensitive_attributes": [],
          "private": "eyJlMmJmYjczMC1lY2FhLTExZTYtOGY4OC0zNDM2M2JjN2M0YzAiOnsiY3JlYXRlIjo2MDAwMDAwMDAwMDAsImRlbGV0ZSI6MTIwMDAwMDAwMDAwMCwicmVhZCI6OTAwMDAwMDAwMDAwLCJ1cGRhdGUiOjYwMDAwMDAwMDAwMH0sInNjaGVtYV92ZXJzaW9uIjoiMSJ9",
          "dependencies": [
            "module.VPC.aws_subnet.public",
            "module.VPC.aws_vpc.main",
            "module.VPC.data.aws_availability_zones.available",
            "module.security.aws_security_group.ext-alb-sg"
          ]
        }
      ]
    },
    {
      "module": "module.compute",
      "mode": "managed",
      "type": "aws_instance",
      "name": "artifactory",
      "provider": "provider[\"registry.terraform.io/hashicorp/aws\"]",
      "instances": [
        {
          "schema_version": 1,
          "attributes": {
            "ami": "ami-007c3072df8eb6584",
            "arn": "arn:aws:ec2:eu-central-1:010028775188:instance/i-0912fc8b57b772628",
            "associate_public_ip_address": true,
            "availability_zone": "eu-central-1a",
            "capacity_reservation_specification": [
              {
                "capacity_reservation_preference": "open",
                "capacity_reservation_target": []
              }
            ],
            "cpu_core_count": 2,
            "cpu_options": [
              {
                "amd_sev_snp": "",
                "core_count": 2,
                "threads_per_core": 1
              }
            ],
            "cpu_threads_per_core": 1,
            "credit_specification": [
              {
                "cpu_credits": "standard"
              }
            ],
            "disable_api_stop": false,
            "disable_api_termination": false,
            "ebs_block_device": [],
            "ebs_optimized": false,
            "enclave_options": [
              {
                "enabled": false
              }
            ],
            "ephemeral_block_device": [],
            "get_password_data": false,
            "hibernation": false,
            "host_id": "",
            "host_resource_group_arn": null,
            "iam_instance_profile": "",
            "id": "i-0912fc8b57b772628",
            "instance_initiated_shutdown_behavior": "stop",
            "instance_lifecycle": "",
            "instance_market_options": [],
            "instance_state": "running",
            "instance_type": "t2.medium",
            "ipv6_address_count": 0,
            "ipv6_addresses": [],
            "key_name": "ami",
            "launch_template": [],
            "maintenance_options": [
              {
                "auto_recovery": "default"
              }
            ],
            "metadata_options": [
              {
                "http_endpoint": "enabled",
                "http_protocol_ipv6": "disabled",
                "http_put_response_hop_limit": 1,
                "http_tokens": "optional",
                "instance_metadata_tags": "disabled"
              }
            ],
            "monitoring": false,
            "network_interface": [],
            "outpost_arn": "",
            "password_data": "",
            "placement_group": "",
            "placement_partition_number": 0,
            "primary_network_interface_id": "eni-042fc59a9d609f14e",
            "private_dns": "ip-172-16-0-245.eu-central-1.compute.internal",
            "private_dns_name_options": [
              {
                "enable_resource_name_dns_a_record": false,
                "enable_resource_name_dns_aaaa_record": false,
                "hostname_type": "ip-name"
              }
            ],
            "private_ip": "172.16.0.245",
            "public_dns": "ec2-3-123-36-233.eu-central-1.compute.amazonaws.com",
            "public_ip": "3.123.36.233",
            "root_block_device": [
              {
                "delete_on_termination": true,
                "device_name": "/dev/sda1",
                "encrypted": false,
                "iops": 3000,
                "kms_key_id": "",
                "tags": {},
                "tags_all": {},
                "throughput": 125,
                "volume_id": "vol-0125f528f557a16c5",
                "volume_size": 10,
                "volume_type": "gp3"
              }
            ],
            "secondary_private_ips": [],
            "security_groups": [],
            "source_dest_check": true,
            "spot_instance_request_id": "",
            "subnet_id": "subnet-0756744d5fc499fa7",
            "tags": {
              "Name": "citatech-artifactory"
            },
            "tags_all": {
              "Name": "citatech-artifactory"
            },
            "tenancy": "default",
            "timeouts": null,
            "user_data": null,
            "user_data_base64": null,
            "user_data_replace_on_change": false,
            "volume_tags": null,
            "vpc_security_group_ids": [
              "sg-05d4a6c66304d4e7e"
            ]
          },
          "sensitive_attributes": [],
          "private": "eyJlMmJmYjczMC1lY2FhLTExZTYtOGY4OC0zNDM2M2JjN2M0YzAiOnsiY3JlYXRlIjo2MDAwMDAwMDAwMDAsImRlbGV0ZSI6MTIwMDAwMDAwMDAwMCwicmVhZCI6OTAwMDAwMDAwMDAwLCJ1cGRhdGUiOjYwMDAwMDAwMDAwMH0sInNjaGVtYV92ZXJzaW9uIjoiMSJ9",
          "dependencies": [
            "module.VPC.aws_subnet.public",
            "module.VPC.aws_vpc.main",
            "module.VPC.data.aws_availability_zones.available",
            "module.security.aws_security_group.ext-alb-sg"
          ]
        }
      ]
    },
    {
      "module": "module.compute",
      "mode": "managed",
      "type": "aws_instance",
      "name": "sonbarqube",
      "provider": "provider[\"registry.terraform.io/hashicorp/aws\"]",
      "instances": [
        {
          "schema_version": 1,
          "attributes": {
            "ami": "ami-007c3072df8eb6584",
            "arn": "arn:aws:ec2:eu-central-1:010028775188:instance/i-0b83f728e6ea6dd9f",
            "associate_public_ip_address": true,
            "availability_zone": "eu-central-1a",
            "capacity_reservation_specification": [
              {
                "capacity_reservation_preference": "open",
                "capacity_reservation_target": []
              }
            ],
            "cpu_core_count": 2,
            "cpu_options": [
              {
                "amd_sev_snp": "",
                "core_count": 2,
                "threads_per_core": 1
              }
            ],
            "cpu_threads_per_core": 1,
            "credit_specification": [
              {
                "cpu_credits": "standard"
              }
            ],
            "disable_api_stop": false,
            "disable_api_termination": false,
            "ebs_block_device": [],
            "ebs_optimized": false,
            "enclave_options": [
              {
                "enabled": false
              }
            ],
            "ephemeral_block_device": [],
            "get_password_data": false,
            "hibernation": false,
            "host_id": "",
            "host_resource_group_arn": null,
            "iam_instance_profile": "",
            "id": "i-0b83f728e6ea6dd9f",
            "instance_initiated_shutdown_behavior": "stop",
            "instance_lifecycle": "",
            "instance_market_options": [],
            "instance_state": "running",
            "instance_type": "t2.medium",
            "ipv6_address_count": 0,
            "ipv6_addresses": [],
            "key_name": "ami",
            "launch_template": [],
            "maintenance_options": [
              {
                "auto_recovery": "default"
              }
            ],
            "metadata_options": [
              {
                "http_endpoint": "enabled",
                "http_protocol_ipv6": "disabled",
                "http_put_response_hop_limit": 1,
                "http_tokens": "optional",
                "instance_metadata_tags": "disabled"
              }
            ],
            "monitoring": false,
            "network_interface": [],
            "outpost_arn": "",
            "password_data": "",
            "placement_group": "",
            "placement_partition_number": 0,
            "primary_network_interface_id": "eni-0b2c226407e55ae7a",
            "private_dns": "ip-172-16-0-144.eu-central-1.compute.internal",
            "private_dns_name_options": [
              {
                "enable_resource_name_dns_a_record": false,
                "enable_resource_name_dns_aaaa_record": false,
                "hostname_type": "ip-name"
              }
            ],
            "private_ip": "172.16.0.144",
            "public_dns": "ec2-3-76-35-114.eu-central-1.compute.amazonaws.com",
            "public_ip": "3.76.35.114",
            "root_block_device": [
              {
                "delete_on_termination": true,
                "device_name": "/dev/sda1",
                "encrypted": false,
                "iops": 3000,
                "kms_key_id": "",
                "tags": {},
                "tags_all": {},
                "throughput": 125,
                "volume_id": "vol-0f2b72dcca590c002",
                "volume_size": 10,
                "volume_type": "gp3"
              }
            ],
            "secondary_private_ips": [],
            "security_groups": [],
            "source_dest_check": true,
            "spot_instance_request_id": "",
            "subnet_id": "subnet-0756744d5fc499fa7",
            "tags": {
              "Name": "citatech-sonbarqube"
            },
            "tags_all": {
              "Name": "citatech-sonbarqube"
            },
            "tenancy": "default",
            "timeouts": null,
            "user_data": null,
            "user_data_base64": null,
            "user_data_replace_on_change": false,
            "volume_tags": null,
            "vpc_security_group_ids": [
              "sg-05d4a6c66304d4e7e"
            ]
          },
          "sensitive_attributes": [],
          "private": "eyJlMmJmYjczMC1lY2FhLTExZTYtOGY4OC0zNDM2M2JjN2M0YzAiOnsiY3JlYXRlIjo2MDAwMDAwMDAwMDAsImRlbGV0ZSI6MTIwMDAwMDAwMDAwMCwicmVhZCI6OTAwMDAwMDAwMDAwLCJ1cGRhdGUiOjYwMDAwMDAwMDAwMH0sInNjaGVtYV92ZXJzaW9uIjoiMSJ9",
          "dependencies": [
            "module.VPC.aws_subnet.public",
            "module.VPC.aws_vpc.main",
            "module.VPC.data.aws_availability_zones.available",
            "module.security.aws_security_group.ext-alb-sg"
          ]
        }
      ]
    },
    {
      "module": "module.security",
      "mode": "managed",
      "type": "aws_security_group",
      "name": "bastion_sg",
      "provider": "provider[\"registry.terraform.io/hashicorp/aws\"]",
      "instances": [
        {
          "schema_version": 1,
          "attributes": {
            "arn": "arn:aws:ec2:eu-central-1:010028775188:security-group/sg-05516ed516970dd6c",
            "description": "Allow incoming SSH connections.",
            "egress": [
              {
                "cidr_blocks": [
                  "0.0.0.0/0"
                ],
                "description": "",
                "from_port": 0,
                "ipv6_cidr_blocks": [],
                "prefix_list_ids": [],
                "protocol": "-1",
                "security_groups": [],
                "self": false,
                "to_port": 0
              }
            ],
            "id": "sg-05516ed516970dd6c",
            "ingress": [
              {
                "cidr_blocks": [
                  "0.0.0.0/0"
                ],
                "description": "SSH",
                "from_port": 22,
                "ipv6_cidr_blocks": [],
                "prefix_list_ids": [],
                "protocol": "tcp",
                "security_groups": [],
                "self": false,
                "to_port": 22
              }
            ],
            "name": "bastion_sg",
            "name_prefix": "",
            "owner_id": "010028775188",
            "revoke_rules_on_delete": false,
            "tags": {
              "Name": "bastion_sg"
            },
            "tags_all": {
              "Name": "bastion_sg"
            },
            "timeouts": null,
            "vpc_id": "vpc-04b34e64823bfb065"
          },
          "sensitive_attributes": [],
          "private": "eyJlMmJmYjczMC1lY2FhLTExZTYtOGY4OC0zNDM2M2JjN2M0YzAiOnsiY3JlYXRlIjo2MDAwMDAwMDAwMDAsImRlbGV0ZSI6OTAwMDAwMDAwMDAwfSwic2NoZW1hX3ZlcnNpb24iOiIxIn0=",
          "dependencies": [
            "module.VPC.aws_vpc.main"
          ],
          "create_before_destroy": true
        }
      ]
    },
    {
      "module": "module.security",
      "mode": "managed",
      "type": "aws_security_group",
      "name": "datalayer-sg",
      "provider": "provider[\"registry.terraform.io/hashicorp/aws\"]",
      "instances": [
        {
          "schema_version": 1,
          "attributes": {
            "arn": "arn:aws:ec2:eu-central-1:010028775188:security-group/sg-04537a8cd2302d08c",
            "description": "Allow mysql inbound traffic from webservers",
            "egress": [
              {
                "cidr_blocks": [
                  "0.0.0.0/0"
                ],
                "description": "",
                "from_port": 0,
                "ipv6_cidr_blocks": [],
                "prefix_list_ids": [],
                "protocol": "-1",
                "security_groups": [],
                "self": false,
                "to_port": 0
              }
            ],
            "id": "sg-04537a8cd2302d08c",
            "ingress": [
              {
                "cidr_blocks": [],
                "description": "NFS",
                "from_port": 2049,
                "ipv6_cidr_blocks": [],
                "prefix_list_ids": [],
                "protocol": "tcp",
                "security_groups": [
                  "sg-004f65804c6bcfcc4",
                  "sg-06fc8d80dbd8c9b7f"
                ],
                "self": false,
                "to_port": 2049
              },
              {
                "cidr_blocks": [],
                "description": "mysql",
                "from_port": 3306,
                "ipv6_cidr_blocks": [],
                "prefix_list_ids": [],
                "protocol": "tcp",
                "security_groups": [
                  "sg-05516ed516970dd6c",
                  "sg-06fc8d80dbd8c9b7f"
                ],
                "self": false,
                "to_port": 3306
              }
            ],
            "name": "datalayer-sg",
            "name_prefix": "",
            "owner_id": "010028775188",
            "revoke_rules_on_delete": false,
            "tags": {
              "Name": "datalayer-sg"
            },
            "tags_all": {
              "Name": "datalayer-sg"
            },
            "timeouts": null,
            "vpc_id": "vpc-04b34e64823bfb065"
          },
          "sensitive_attributes": [],
          "private": "eyJlMmJmYjczMC1lY2FhLTExZTYtOGY4OC0zNDM2M2JjN2M0YzAiOnsiY3JlYXRlIjo2MDAwMDAwMDAwMDAsImRlbGV0ZSI6OTAwMDAwMDAwMDAwfSwic2NoZW1hX3ZlcnNpb24iOiIxIn0=",
          "dependencies": [
            "module.VPC.aws_vpc.main",
            "module.security.aws_security_group.bastion_sg",
            "module.security.aws_security_group.ext-alb-sg",
            "module.security.aws_security_group.int-alb-sg",
            "module.security.aws_security_group.nginx-sg",
            "module.security.aws_security_group.webserver-sg"
          ]
        }
      ]
    },
    {
      "module": "module.security",
      "mode": "managed",
      "type": "aws_security_group",
      "name": "ext-alb-sg",
      "provider": "provider[\"registry.terraform.io/hashicorp/aws\"]",
      "instances": [
        {
          "schema_version": 1,
          "attributes": {
            "arn": "arn:aws:ec2:eu-central-1:010028775188:security-group/sg-05d4a6c66304d4e7e",
            "description": "Allow TLS inbound traffic",
            "egress": [
              {
                "cidr_blocks": [
                  "0.0.0.0/0"
                ],
                "description": "",
                "from_port": 0,
                "ipv6_cidr_blocks": [],
                "prefix_list_ids": [],
                "protocol": "-1",
                "security_groups": [],
                "self": false,
                "to_port": 0
              }
            ],
            "id": "sg-05d4a6c66304d4e7e",
            "ingress": [
              {
                "cidr_blocks": [
                  "0.0.0.0/0"
                ],
                "description": "HTTP",
                "from_port": 80,
                "ipv6_cidr_blocks": [],
                "prefix_list_ids": [],
                "protocol": "tcp",
                "security_groups": [],
                "self": false,
                "to_port": 80
              },
              {
                "cidr_blocks": [
                  "0.0.0.0/0"
                ],
                "description": "HTTPS",
                "from_port": 443,
                "ipv6_cidr_blocks": [],
                "prefix_list_ids": [],
                "protocol": "tcp",
                "security_groups": [],
                "self": false,
                "to_port": 443
              }
            ],
            "name": "ext-alb-sg",
            "name_prefix": "",
            "owner_id": "010028775188",
            "revoke_rules_on_delete": false,
            "tags": {
              "Name": "ext-alb-sg"
            },
            "tags_all": {
              "Name": "ext-alb-sg"
            },
            "timeouts": null,
            "vpc_id": "vpc-04b34e64823bfb065"
          },
          "sensitive_attributes": [],
          "private": "eyJlMmJmYjczMC1lY2FhLTExZTYtOGY4OC0zNDM2M2JjN2M0YzAiOnsiY3JlYXRlIjo2MDAwMDAwMDAwMDAsImRlbGV0ZSI6OTAwMDAwMDAwMDAwfSwic2NoZW1hX3ZlcnNpb24iOiIxIn0=",
          "dependencies": [
            "module.VPC.aws_vpc.main"
          ],
          "create_before_destroy": true
        }
      ]
    },
    {
      "module": "module.security",
      "mode": "managed",
      "type": "aws_security_group",
      "name": "int-alb-sg",
      "provider": "provider[\"registry.terraform.io/hashicorp/aws\"]",
      "instances": [
        {
          "schema_version": 1,
          "attributes": {
            "arn": "arn:aws:ec2:eu-central-1:010028775188:security-group/sg-05aaed9489b9ea656",
            "description": "Allow TLS inbound traffic from nginx",
            "egress": [
              {
                "cidr_blocks": [
                  "0.0.0.0/0"
                ],
                "description": "",
                "from_port": 0,
                "ipv6_cidr_blocks": [],
                "prefix_list_ids": [],
                "protocol": "-1",
                "security_groups": [],
                "self": false,
                "to_port": 0
              }
            ],
            "id": "sg-05aaed9489b9ea656",
            "ingress": [
              {
                "cidr_blocks": [],
                "description": "HTTPS",
                "from_port": 443,
                "ipv6_cidr_blocks": [],
                "prefix_list_ids": [],
                "protocol": "tcp",
                "security_groups": [
                  "sg-004f65804c6bcfcc4"
                ],
                "self": false,
                "to_port": 443
              }
            ],
            "name": "int-alb-sg",
            "name_prefix": "",
            "owner_id": "010028775188",
            "revoke_rules_on_delete": false,
            "tags": {
              "Name": "int-alb-sg"
            },
            "tags_all": {
              "Name": "int-alb-sg"
            },
            "timeouts": null,
            "vpc_id": "vpc-04b34e64823bfb065"
          },
          "sensitive_attributes": [],
          "private": "eyJlMmJmYjczMC1lY2FhLTExZTYtOGY4OC0zNDM2M2JjN2M0YzAiOnsiY3JlYXRlIjo2MDAwMDAwMDAwMDAsImRlbGV0ZSI6OTAwMDAwMDAwMDAwfSwic2NoZW1hX3ZlcnNpb24iOiIxIn0=",
          "dependencies": [
            "module.VPC.aws_vpc.main",
            "module.security.aws_security_group.bastion_sg",
            "module.security.aws_security_group.ext-alb-sg",
            "module.security.aws_security_group.nginx-sg"
          ],
          "create_before_destroy": true
        }
      ]
    },
    {
      "module": "module.security",
      "mode": "managed",
      "type": "aws_security_group",
      "name": "nginx-sg",
      "provider": "provider[\"registry.terraform.io/hashicorp/aws\"]",
      "instances": [
        {
          "schema_version": 1,
          "attributes": {
            "arn": "arn:aws:ec2:eu-central-1:010028775188:security-group/sg-004f65804c6bcfcc4",
            "description": "Allow HTTPS inbound traffic from ex-ALB and SSH traffic from bastion",
            "egress": [
              {
                "cidr_blocks": [
                  "0.0.0.0/0"
                ],
                "description": "",
                "from_port": 0,
                "ipv6_cidr_blocks": [],
                "prefix_list_ids": [],
                "protocol": "-1",
                "security_groups": [],
                "self": false,
                "to_port": 0
              }
            ],
            "id": "sg-004f65804c6bcfcc4",
            "ingress": [
              {
                "cidr_blocks": [],
                "description": "HTTPS",
                "from_port": 443,
                "ipv6_cidr_blocks": [],
                "prefix_list_ids": [],
                "protocol": "tcp",
                "security_groups": [
                  "sg-05d4a6c66304d4e7e"
                ],
                "self": false,
                "to_port": 443
              },
              {
                "cidr_blocks": [],
                "description": "SSH",
                "from_port": 22,
                "ipv6_cidr_blocks": [],
                "prefix_list_ids": [],
                "protocol": "tcp",
                "security_groups": [
                  "sg-05516ed516970dd6c"
                ],
                "self": false,
                "to_port": 22
              }
            ],
            "name": "nginx-sg",
            "name_prefix": "",
            "owner_id": "010028775188",
            "revoke_rules_on_delete": false,
            "tags": {
              "Name": "nginx-sg"
            },
            "tags_all": {
              "Name": "nginx-sg"
            },
            "timeouts": null,
            "vpc_id": "vpc-04b34e64823bfb065"
          },
          "sensitive_attributes": [],
          "private": "eyJlMmJmYjczMC1lY2FhLTExZTYtOGY4OC0zNDM2M2JjN2M0YzAiOnsiY3JlYXRlIjo2MDAwMDAwMDAwMDAsImRlbGV0ZSI6OTAwMDAwMDAwMDAwfSwic2NoZW1hX3ZlcnNpb24iOiIxIn0=",
          "dependencies": [
            "module.VPC.aws_vpc.main",
            "module.security.aws_security_group.bastion_sg",
            "module.security.aws_security_group.ext-alb-sg"
          ],
          "create_before_destroy": true
        }
      ]
    },
    {
      "module": "module.security",
      "mode": "managed",
      "type": "aws_security_group",
      "name": "webserver-sg",
      "provider": "provider[\"registry.terraform.io/hashicorp/aws\"]",
      "instances": [
        {
          "schema_version": 1,
          "attributes": {
            "arn": "arn:aws:ec2:eu-central-1:010028775188:security-group/sg-06fc8d80dbd8c9b7f",
            "description": "Allow TLS inbound traffic from int-ALB and SSH traffic from bastion",
            "egress": [
              {
                "cidr_blocks": [
                  "0.0.0.0/0"
                ],
                "description": "",
                "from_port": 0,
                "ipv6_cidr_blocks": [],
                "prefix_list_ids": [],
                "protocol": "-1",
                "security_groups": [],
                "self": false,
                "to_port": 0
              }
            ],
            "id": "sg-06fc8d80dbd8c9b7f",
            "ingress": [
              {
                "cidr_blocks": [],
                "description": "HTTPS",
                "from_port": 443,
                "ipv6_cidr_blocks": [],
                "prefix_list_ids": [],
                "protocol": "tcp",
                "security_groups": [
                  "sg-05aaed9489b9ea656"
                ],
                "self": false,
                "to_port": 443
              },
              {
                "cidr_blocks": [],
                "description": "SSH",
                "from_port": 22,
                "ipv6_cidr_blocks": [],
                "prefix_list_ids": [],
                "protocol": "tcp",
                "security_groups": [
                  "sg-05516ed516970dd6c"
                ],
                "self": false,
                "to_port": 22
              }
            ],
            "name": "webserver-sg",
            "name_prefix": "",
            "owner_id": "010028775188",
            "revoke_rules_on_delete": false,
            "tags": {
              "Name": "webserver-sg"
            },
            "tags_all": {
              "Name": "webserver-sg"
            },
            "timeouts": null,
            "vpc_id": "vpc-04b34e64823bfb065"
          },
          "sensitive_attributes": [],
          "private": "eyJlMmJmYjczMC1lY2FhLTExZTYtOGY4OC0zNDM2M2JjN2M0YzAiOnsiY3JlYXRlIjo2MDAwMDAwMDAwMDAsImRlbGV0ZSI6OTAwMDAwMDAwMDAwfSwic2NoZW1hX3ZlcnNpb24iOiIxIn0=",
          "dependencies": [
            "module.VPC.aws_vpc.main",
            "module.security.aws_security_group.bastion_sg",
            "module.security.aws_security_group.ext-alb-sg",
            "module.security.aws_security_group.int-alb-sg",
            "module.security.aws_security_group.nginx-sg"
          ],
          "create_before_destroy": true
        }
      ]
    }
  ],
  "check_results": null
}
